Microsoft Visual Studio Solution File, Format Version 12.00
# Visual Studio 14
VisualStudioVersion = 14.0.25420.1
MinimumVisualStudioVersion = 10.0.40219.1
Project("{8BC9CEB8-8B4A-11D0-8D11-00A0C91BC942}") = "Dolphin", "Core\DolphinWX\DolphinWX.vcxproj", "{47411FDB-1BF2-48D0-AB4E-C7C41160F898}"
	ProjectSection(ProjectDependencies) = postProject
		{641C5F36-32EE-4323-B740-992B651CF9D6} = {641C5F36-32EE-4323-B740-992B651CF9D6}
	EndProjectSection
EndProject
Project("{8BC9CEB8-8B4A-11D0-8D11-00A0C91BC942}") = "Core", "Core\Core\Core.vcxproj", "{E54CF649-140E-4255-81A5-30A673C1FB36}"
	ProjectSection(ProjectDependencies) = postProject
		{641C5F36-32EE-4323-B740-992B651CF9D6} = {641C5F36-32EE-4323-B740-992B651CF9D6}
	EndProjectSection
EndProject
Project("{8BC9CEB8-8B4A-11D0-8D11-00A0C91BC942}") = "AudioCommon", "Core\AudioCommon\AudioCommon.vcxproj", "{54AA7840-5BEB-4A0C-9452-74BA4CC7FD44}"
EndProject
Project("{8BC9CEB8-8B4A-11D0-8D11-00A0C91BC942}") = "Common", "Core\Common\Common.vcxproj", "{2E6C348C-C75C-4D94-8D1E-9C1FCBF3EFE4}"
EndProject
Project("{8BC9CEB8-8B4A-11D0-8D11-00A0C91BC942}") = "DiscIO", "Core\DiscIO\DiscIO.vcxproj", "{160BDC25-5626-4B0D-BDD8-2953D9777FB5}"
EndProject
Project("{8BC9CEB8-8B4A-11D0-8D11-00A0C91BC942}") = "InputCommon", "Core\InputCommon\InputCommon.vcxproj", "{6BBD47CF-91FD-4077-B676-8B76980178A9}"
EndProject
Project("{8BC9CEB8-8B4A-11D0-8D11-00A0C91BC942}") = "UICommon", "Core\UICommon\UICommon.vcxproj", "{604C8368-F34A-4D55-82C8-CC92A0C13254}"
EndProject
Project("{8BC9CEB8-8B4A-11D0-8D11-00A0C91BC942}") = "VideoCommon", "Core\VideoCommon\VideoCommon.vcxproj", "{3DE9EE35-3E91-4F27-A014-2866AD8C3FE3}"
EndProject
Project("{2150E333-8FDC-42A3-9474-1A3956D46DE8}") = "Externals", "Externals", "{87ADDFF9-5768-4DA2-A33B-2477593D6677}"
EndProject
Project("{8BC9CEB8-8B4A-11D0-8D11-00A0C91BC942}") = "Bochs_disasm", "..\Externals\Bochs_disasm\Bochs_disasm.vcxproj", "{8ADA04D7-6DB1-4DA4-AB55-64FB12A0997B}"
EndProject
Project("{8BC9CEB8-8B4A-11D0-8D11-00A0C91BC942}") = "Languages", "..\Languages\Languages.vcxproj", "{0E033BE3-2E08-428E-9AE9-BC673EFA12B5}"
EndProject
Project("{2150E333-8FDC-42A3-9474-1A3956D46DE8}") = "Dolphin Core", "Dolphin Core", "{15670B2E-CED6-4ED5-94CE-A00B1B2B5BA6}"
EndProject
Project("{8BC9CEB8-8B4A-11D0-8D11-00A0C91BC942}") = "LZO", "..\Externals\LZO\LZO.vcxproj", "{AB993F38-C31D-4897-B139-A620C42BC565}"
EndProject
Project("{8BC9CEB8-8B4A-11D0-8D11-00A0C91BC942}") = "miniupnpc", "..\Externals\miniupnpc\miniupnpc.vcxproj", "{31643FDB-1BB8-4965-9DE7-000FC88D35AE}"
EndProject
Project("{8BC9CEB8-8B4A-11D0-8D11-00A0C91BC942}") = "png", "..\Externals\libpng\png\png.vcxproj", "{4C9F135B-A85E-430C-BAD4-4C67EF5FC12C}"
EndProject
Project("{8BC9CEB8-8B4A-11D0-8D11-00A0C91BC942}") = "SOIL", "..\Externals\SOIL\SOIL.vcxproj", "{B441CC62-877E-4B3F-93E0-0DE80544F705}"
EndProject
Project("{8BC9CEB8-8B4A-11D0-8D11-00A0C91BC942}") = "xxhash", "..\Externals\xxhash\xxhash.vcxproj", "{677EA016-1182-440C-9345-DC88D1E98C0C}"
EndProject
Project("{8BC9CEB8-8B4A-11D0-8D11-00A0C91BC942}") = "zlib", "..\Externals\zlib\zlib.vcxproj", "{FF213B23-2C26-4214-9F88-85271E557E87}"
EndProject
Project("{8BC9CEB8-8B4A-11D0-8D11-00A0C91BC942}") = "SoundTouch", "..\Externals\soundtouch\SoundTouch.vcxproj", "{EC082900-B4D8-42E9-9663-77F02F6936AE}"
EndProject
Project("{8BC9CEB8-8B4A-11D0-8D11-00A0C91BC942}") = "wxWidgets", "..\Externals\wxWidgets3\build\msw\wx_base.vcxproj", "{1C8436C9-DBAF-42BE-83BC-CF3EC9175ABE}"
EndProject
Project("{8BC9CEB8-8B4A-11D0-8D11-00A0C91BC942}") = "mbedTLS", "..\Externals\mbedtls\mbedTLS.vcxproj", "{BDB6578B-0691-4E80-A46C-DF21639FD3B8}"
EndProject
Project("{8BC9CEB8-8B4A-11D0-8D11-00A0C91BC942}") = "SCMRevGen", "Core\Common\SCMRevGen.vcxproj", "{41279555-F94F-4EBC-99DE-AF863C10C5C4}"
EndProject
Project("{8BC9CEB8-8B4A-11D0-8D11-00A0C91BC942}") = "SFML_Network", "..\Externals\SFML\build\vc2010\SFML_Network.vcxproj", "{93D73454-2512-424E-9CDA-4BB357FE13DD}"
EndProject
Project("{8BC9CEB8-8B4A-11D0-8D11-00A0C91BC942}") = "libusb-1.0", "..\Externals\libusb\libusb_static_2013.vcxproj", "{349EE8F9-7D25-4909-AAF5-FF3FADE72187}"
EndProject
Project("{8BC9CEB8-8B4A-11D0-8D11-00A0C91BC942}") = "portaudio", "..\Externals\portaudio\build\portaudio.vcxproj", "{0A18A071-125E-442F-AFF7-A3F68ABECF99}"
EndProject
Project("{8BC9CEB8-8B4A-11D0-8D11-00A0C91BC942}") = "DSPTool", "DSPTool\DSPTool.vcxproj", "{1970D175-3DE8-4738-942A-4D98D1CDBF64}"
EndProject
Project("{8BC9CEB8-8B4A-11D0-8D11-00A0C91BC942}") = "D3D", "Core\VideoBackends\D3D\D3D.vcxproj", "{96020103-4BA5-4FD2-B4AA-5B6D24492D4E}"
EndProject
Project("{8BC9CEB8-8B4A-11D0-8D11-00A0C91BC942}") = "OGL", "Core\VideoBackends\OGL\OGL.vcxproj", "{EC1A314C-5588-4506-9C1E-2E58E5817F75}"
EndProject
Project("{8BC9CEB8-8B4A-11D0-8D11-00A0C91BC942}") = "Software", "Core\VideoBackends\Software\Software.vcxproj", "{A4C423AA-F57C-46C7-A172-D1A777017D29}"
EndProject
Project("{8BC9CEB8-8B4A-11D0-8D11-00A0C91BC942}") = "Null", "Core\VideoBackends\Null\Null.vcxproj", "{53A5391B-737E-49A8-BC8F-312ADA00736F}"
EndProject
Project("{8BC9CEB8-8B4A-11D0-8D11-00A0C91BC942}") = "Vulkan", "Core\VideoBackends\Vulkan\Vulkan.vcxproj", "{29F29A19-F141-45AD-9679-5A2923B49DA3}"
EndProject
Project("{2150E333-8FDC-42A3-9474-1A3956D46DE8}") = "Video Backends", "Video Backends", "{AAD1BCD6-9804-44A5-A5FC-4782EA00E9D4}"
EndProject
Project("{8BC9CEB8-8B4A-11D0-8D11-00A0C91BC942}") = "pch", "PCH\pch.vcxproj", "{76563A7F-1011-4EAD-B667-7BB18D09568E}"
EndProject
Project("{8BC9CEB8-8B4A-11D0-8D11-00A0C91BC942}") = "UnitTests", "UnitTests\UnitTests.vcxproj", "{474661E7-C73A-43A6-AFEE-EE1EC433D49E}"
EndProject
Project("{8BC9CEB8-8B4A-11D0-8D11-00A0C91BC942}") = "enet", "..\Externals\enet\enet.vcxproj", "{CBC76802-C128-4B17-BF6C-23B08C313E5E}"
EndProject
Project("{8BC9CEB8-8B4A-11D0-8D11-00A0C91BC942}") = "curl", "..\Externals\curl\curl.vcxproj", "{BB00605C-125F-4A21-B33B-7BF418322DCB}"
EndProject
Project("{8BC9CEB8-8B4A-11D0-8D11-00A0C91BC942}") = "D3D12", "Core\VideoBackends\D3D12\D3D12.vcxproj", "{570215B7-E32F-4438-95AE-C8D955F9FCA3}"
EndProject
Project("{8BC9CEB8-8B4A-11D0-8D11-00A0C91BC942}") = "DolphinQt2", "Core\DolphinQt2\DolphinQt2.vcxproj", "{FA3FA62B-6F58-4B86-9453-4D149940A066}"
EndProject
Project("{8BC9CEB8-8B4A-11D0-8D11-00A0C91BC942}") = "glslang", "..\Externals\glslang\glslang.vcxproj", "{D178061B-84D3-44F9-BEED-EFD18D9033F0}"
EndProject
Project("{8BC9CEB8-8B4A-11D0-8D11-00A0C91BC942}") = "libzmq", "..\Externals\libzmq\builds\msvc\vs2015\libzmq\libzmq.vcxproj", "{641C5F36-32EE-4323-B740-992B651CF9D6}"
EndProject
Global
	GlobalSection(SolutionConfigurationPlatforms) = preSolution
		Debug|x64 = Debug|x64
		Debug|x86 = Debug|x86
		DebugDLL|x64 = DebugDLL|x64
		DebugDLL|x86 = DebugDLL|x86
		DebugLIB|x64 = DebugLIB|x64
		DebugLIB|x86 = DebugLIB|x86
		DebugLTCG|x64 = DebugLTCG|x64
		DebugLTCG|x86 = DebugLTCG|x86
		Release|x64 = Release|x64
		Release|x86 = Release|x86
		ReleaseDLL|x64 = ReleaseDLL|x64
		ReleaseDLL|x86 = ReleaseDLL|x86
		ReleaseLIB|x64 = ReleaseLIB|x64
		ReleaseLIB|x86 = ReleaseLIB|x86
		ReleaseLTCG|x64 = ReleaseLTCG|x64
		ReleaseLTCG|x86 = ReleaseLTCG|x86
	EndGlobalSection
	GlobalSection(ProjectConfigurationPlatforms) = postSolution
		{47411FDB-1BF2-48D0-AB4E-C7C41160F898}.Debug|x64.ActiveCfg = Debug|x64
		{47411FDB-1BF2-48D0-AB4E-C7C41160F898}.Debug|x64.Build.0 = Debug|x64
		{47411FDB-1BF2-48D0-AB4E-C7C41160F898}.Debug|x86.ActiveCfg = Debug|x64
		{47411FDB-1BF2-48D0-AB4E-C7C41160F898}.DebugDLL|x64.ActiveCfg = Debug|x64
		{47411FDB-1BF2-48D0-AB4E-C7C41160F898}.DebugDLL|x64.Build.0 = Debug|x64
		{47411FDB-1BF2-48D0-AB4E-C7C41160F898}.DebugDLL|x86.ActiveCfg = Release|x64
		{47411FDB-1BF2-48D0-AB4E-C7C41160F898}.DebugDLL|x86.Build.0 = Release|x64
		{47411FDB-1BF2-48D0-AB4E-C7C41160F898}.DebugLIB|x64.ActiveCfg = Debug|x64
		{47411FDB-1BF2-48D0-AB4E-C7C41160F898}.DebugLIB|x64.Build.0 = Debug|x64
		{47411FDB-1BF2-48D0-AB4E-C7C41160F898}.DebugLIB|x86.ActiveCfg = Release|x64
		{47411FDB-1BF2-48D0-AB4E-C7C41160F898}.DebugLIB|x86.Build.0 = Release|x64
		{47411FDB-1BF2-48D0-AB4E-C7C41160F898}.DebugLTCG|x64.ActiveCfg = Debug|x64
		{47411FDB-1BF2-48D0-AB4E-C7C41160F898}.DebugLTCG|x64.Build.0 = Debug|x64
		{47411FDB-1BF2-48D0-AB4E-C7C41160F898}.DebugLTCG|x86.ActiveCfg = Release|x64
		{47411FDB-1BF2-48D0-AB4E-C7C41160F898}.DebugLTCG|x86.Build.0 = Release|x64
		{47411FDB-1BF2-48D0-AB4E-C7C41160F898}.Release|x64.ActiveCfg = Release|x64
		{47411FDB-1BF2-48D0-AB4E-C7C41160F898}.Release|x64.Build.0 = Release|x64
		{47411FDB-1BF2-48D0-AB4E-C7C41160F898}.Release|x86.ActiveCfg = Release|x64
		{47411FDB-1BF2-48D0-AB4E-C7C41160F898}.ReleaseDLL|x64.ActiveCfg = Release|x64
		{47411FDB-1BF2-48D0-AB4E-C7C41160F898}.ReleaseDLL|x64.Build.0 = Release|x64
		{47411FDB-1BF2-48D0-AB4E-C7C41160F898}.ReleaseDLL|x86.ActiveCfg = Release|x64
		{47411FDB-1BF2-48D0-AB4E-C7C41160F898}.ReleaseDLL|x86.Build.0 = Release|x64
		{47411FDB-1BF2-48D0-AB4E-C7C41160F898}.ReleaseLIB|x64.ActiveCfg = Release|x64
		{47411FDB-1BF2-48D0-AB4E-C7C41160F898}.ReleaseLIB|x64.Build.0 = Release|x64
		{47411FDB-1BF2-48D0-AB4E-C7C41160F898}.ReleaseLIB|x86.ActiveCfg = Release|x64
		{47411FDB-1BF2-48D0-AB4E-C7C41160F898}.ReleaseLIB|x86.Build.0 = Release|x64
		{47411FDB-1BF2-48D0-AB4E-C7C41160F898}.ReleaseLTCG|x64.ActiveCfg = Release|x64
		{47411FDB-1BF2-48D0-AB4E-C7C41160F898}.ReleaseLTCG|x64.Build.0 = Release|x64
		{47411FDB-1BF2-48D0-AB4E-C7C41160F898}.ReleaseLTCG|x86.ActiveCfg = Release|x64
		{47411FDB-1BF2-48D0-AB4E-C7C41160F898}.ReleaseLTCG|x86.Build.0 = Release|x64
		{E54CF649-140E-4255-81A5-30A673C1FB36}.Debug|x64.ActiveCfg = Debug|x64
		{E54CF649-140E-4255-81A5-30A673C1FB36}.Debug|x64.Build.0 = Debug|x64
		{E54CF649-140E-4255-81A5-30A673C1FB36}.Debug|x86.ActiveCfg = Debug|x64
		{E54CF649-140E-4255-81A5-30A673C1FB36}.DebugDLL|x64.ActiveCfg = Debug|x64
		{E54CF649-140E-4255-81A5-30A673C1FB36}.DebugDLL|x64.Build.0 = Debug|x64
		{E54CF649-140E-4255-81A5-30A673C1FB36}.DebugDLL|x86.ActiveCfg = Release|x64
		{E54CF649-140E-4255-81A5-30A673C1FB36}.DebugDLL|x86.Build.0 = Release|x64
		{E54CF649-140E-4255-81A5-30A673C1FB36}.DebugLIB|x64.ActiveCfg = Debug|x64
		{E54CF649-140E-4255-81A5-30A673C1FB36}.DebugLIB|x64.Build.0 = Debug|x64
		{E54CF649-140E-4255-81A5-30A673C1FB36}.DebugLIB|x86.ActiveCfg = Release|x64
		{E54CF649-140E-4255-81A5-30A673C1FB36}.DebugLIB|x86.Build.0 = Release|x64
		{E54CF649-140E-4255-81A5-30A673C1FB36}.DebugLTCG|x64.ActiveCfg = Debug|x64
		{E54CF649-140E-4255-81A5-30A673C1FB36}.DebugLTCG|x64.Build.0 = Debug|x64
		{E54CF649-140E-4255-81A5-30A673C1FB36}.DebugLTCG|x86.ActiveCfg = Release|x64
		{E54CF649-140E-4255-81A5-30A673C1FB36}.DebugLTCG|x86.Build.0 = Release|x64
		{E54CF649-140E-4255-81A5-30A673C1FB36}.Release|x64.ActiveCfg = Release|x64
		{E54CF649-140E-4255-81A5-30A673C1FB36}.Release|x64.Build.0 = Release|x64
		{E54CF649-140E-4255-81A5-30A673C1FB36}.Release|x86.ActiveCfg = Release|x64
		{E54CF649-140E-4255-81A5-30A673C1FB36}.ReleaseDLL|x64.ActiveCfg = Release|x64
		{E54CF649-140E-4255-81A5-30A673C1FB36}.ReleaseDLL|x64.Build.0 = Release|x64
		{E54CF649-140E-4255-81A5-30A673C1FB36}.ReleaseDLL|x86.ActiveCfg = Release|x64
		{E54CF649-140E-4255-81A5-30A673C1FB36}.ReleaseDLL|x86.Build.0 = Release|x64
		{E54CF649-140E-4255-81A5-30A673C1FB36}.ReleaseLIB|x64.ActiveCfg = Release|x64
		{E54CF649-140E-4255-81A5-30A673C1FB36}.ReleaseLIB|x64.Build.0 = Release|x64
		{E54CF649-140E-4255-81A5-30A673C1FB36}.ReleaseLIB|x86.ActiveCfg = Release|x64
		{E54CF649-140E-4255-81A5-30A673C1FB36}.ReleaseLIB|x86.Build.0 = Release|x64
		{E54CF649-140E-4255-81A5-30A673C1FB36}.ReleaseLTCG|x64.ActiveCfg = Release|x64
		{E54CF649-140E-4255-81A5-30A673C1FB36}.ReleaseLTCG|x64.Build.0 = Release|x64
		{E54CF649-140E-4255-81A5-30A673C1FB36}.ReleaseLTCG|x86.ActiveCfg = Release|x64
		{E54CF649-140E-4255-81A5-30A673C1FB36}.ReleaseLTCG|x86.Build.0 = Release|x64
		{54AA7840-5BEB-4A0C-9452-74BA4CC7FD44}.Debug|x64.ActiveCfg = Debug|x64
		{54AA7840-5BEB-4A0C-9452-74BA4CC7FD44}.Debug|x64.Build.0 = Debug|x64
		{54AA7840-5BEB-4A0C-9452-74BA4CC7FD44}.Debug|x86.ActiveCfg = Debug|x64
		{54AA7840-5BEB-4A0C-9452-74BA4CC7FD44}.DebugDLL|x64.ActiveCfg = Debug|x64
		{54AA7840-5BEB-4A0C-9452-74BA4CC7FD44}.DebugDLL|x64.Build.0 = Debug|x64
		{54AA7840-5BEB-4A0C-9452-74BA4CC7FD44}.DebugDLL|x86.ActiveCfg = Release|x64
		{54AA7840-5BEB-4A0C-9452-74BA4CC7FD44}.DebugDLL|x86.Build.0 = Release|x64
		{54AA7840-5BEB-4A0C-9452-74BA4CC7FD44}.DebugLIB|x64.ActiveCfg = Debug|x64
		{54AA7840-5BEB-4A0C-9452-74BA4CC7FD44}.DebugLIB|x64.Build.0 = Debug|x64
		{54AA7840-5BEB-4A0C-9452-74BA4CC7FD44}.DebugLIB|x86.ActiveCfg = Release|x64
		{54AA7840-5BEB-4A0C-9452-74BA4CC7FD44}.DebugLIB|x86.Build.0 = Release|x64
		{54AA7840-5BEB-4A0C-9452-74BA4CC7FD44}.DebugLTCG|x64.ActiveCfg = Debug|x64
		{54AA7840-5BEB-4A0C-9452-74BA4CC7FD44}.DebugLTCG|x64.Build.0 = Debug|x64
		{54AA7840-5BEB-4A0C-9452-74BA4CC7FD44}.DebugLTCG|x86.ActiveCfg = Release|x64
		{54AA7840-5BEB-4A0C-9452-74BA4CC7FD44}.DebugLTCG|x86.Build.0 = Release|x64
		{54AA7840-5BEB-4A0C-9452-74BA4CC7FD44}.Release|x64.ActiveCfg = Release|x64
		{54AA7840-5BEB-4A0C-9452-74BA4CC7FD44}.Release|x64.Build.0 = Release|x64
		{54AA7840-5BEB-4A0C-9452-74BA4CC7FD44}.Release|x86.ActiveCfg = Release|x64
		{54AA7840-5BEB-4A0C-9452-74BA4CC7FD44}.ReleaseDLL|x64.ActiveCfg = Release|x64
		{54AA7840-5BEB-4A0C-9452-74BA4CC7FD44}.ReleaseDLL|x64.Build.0 = Release|x64
		{54AA7840-5BEB-4A0C-9452-74BA4CC7FD44}.ReleaseDLL|x86.ActiveCfg = Release|x64
		{54AA7840-5BEB-4A0C-9452-74BA4CC7FD44}.ReleaseDLL|x86.Build.0 = Release|x64
		{54AA7840-5BEB-4A0C-9452-74BA4CC7FD44}.ReleaseLIB|x64.ActiveCfg = Release|x64
		{54AA7840-5BEB-4A0C-9452-74BA4CC7FD44}.ReleaseLIB|x64.Build.0 = Release|x64
		{54AA7840-5BEB-4A0C-9452-74BA4CC7FD44}.ReleaseLIB|x86.ActiveCfg = Release|x64
		{54AA7840-5BEB-4A0C-9452-74BA4CC7FD44}.ReleaseLIB|x86.Build.0 = Release|x64
		{54AA7840-5BEB-4A0C-9452-74BA4CC7FD44}.ReleaseLTCG|x64.ActiveCfg = Release|x64
		{54AA7840-5BEB-4A0C-9452-74BA4CC7FD44}.ReleaseLTCG|x64.Build.0 = Release|x64
		{54AA7840-5BEB-4A0C-9452-74BA4CC7FD44}.ReleaseLTCG|x86.ActiveCfg = Release|x64
		{54AA7840-5BEB-4A0C-9452-74BA4CC7FD44}.ReleaseLTCG|x86.Build.0 = Release|x64
		{2E6C348C-C75C-4D94-8D1E-9C1FCBF3EFE4}.Debug|x64.ActiveCfg = Debug|x64
		{2E6C348C-C75C-4D94-8D1E-9C1FCBF3EFE4}.Debug|x64.Build.0 = Debug|x64
		{2E6C348C-C75C-4D94-8D1E-9C1FCBF3EFE4}.Debug|x86.ActiveCfg = Debug|x64
		{2E6C348C-C75C-4D94-8D1E-9C1FCBF3EFE4}.DebugDLL|x64.ActiveCfg = Debug|x64
		{2E6C348C-C75C-4D94-8D1E-9C1FCBF3EFE4}.DebugDLL|x64.Build.0 = Debug|x64
		{2E6C348C-C75C-4D94-8D1E-9C1FCBF3EFE4}.DebugDLL|x86.ActiveCfg = Release|x64
		{2E6C348C-C75C-4D94-8D1E-9C1FCBF3EFE4}.DebugDLL|x86.Build.0 = Release|x64
		{2E6C348C-C75C-4D94-8D1E-9C1FCBF3EFE4}.DebugLIB|x64.ActiveCfg = Debug|x64
		{2E6C348C-C75C-4D94-8D1E-9C1FCBF3EFE4}.DebugLIB|x64.Build.0 = Debug|x64
		{2E6C348C-C75C-4D94-8D1E-9C1FCBF3EFE4}.DebugLIB|x86.ActiveCfg = Release|x64
		{2E6C348C-C75C-4D94-8D1E-9C1FCBF3EFE4}.DebugLIB|x86.Build.0 = Release|x64
		{2E6C348C-C75C-4D94-8D1E-9C1FCBF3EFE4}.DebugLTCG|x64.ActiveCfg = Debug|x64
		{2E6C348C-C75C-4D94-8D1E-9C1FCBF3EFE4}.DebugLTCG|x64.Build.0 = Debug|x64
		{2E6C348C-C75C-4D94-8D1E-9C1FCBF3EFE4}.DebugLTCG|x86.ActiveCfg = Release|x64
		{2E6C348C-C75C-4D94-8D1E-9C1FCBF3EFE4}.DebugLTCG|x86.Build.0 = Release|x64
		{2E6C348C-C75C-4D94-8D1E-9C1FCBF3EFE4}.Release|x64.ActiveCfg = Release|x64
		{2E6C348C-C75C-4D94-8D1E-9C1FCBF3EFE4}.Release|x64.Build.0 = Release|x64
		{2E6C348C-C75C-4D94-8D1E-9C1FCBF3EFE4}.Release|x86.ActiveCfg = Release|x64
		{2E6C348C-C75C-4D94-8D1E-9C1FCBF3EFE4}.ReleaseDLL|x64.ActiveCfg = Release|x64
		{2E6C348C-C75C-4D94-8D1E-9C1FCBF3EFE4}.ReleaseDLL|x64.Build.0 = Release|x64
		{2E6C348C-C75C-4D94-8D1E-9C1FCBF3EFE4}.ReleaseDLL|x86.ActiveCfg = Release|x64
		{2E6C348C-C75C-4D94-8D1E-9C1FCBF3EFE4}.ReleaseDLL|x86.Build.0 = Release|x64
		{2E6C348C-C75C-4D94-8D1E-9C1FCBF3EFE4}.ReleaseLIB|x64.ActiveCfg = Release|x64
		{2E6C348C-C75C-4D94-8D1E-9C1FCBF3EFE4}.ReleaseLIB|x64.Build.0 = Release|x64
		{2E6C348C-C75C-4D94-8D1E-9C1FCBF3EFE4}.ReleaseLIB|x86.ActiveCfg = Release|x64
		{2E6C348C-C75C-4D94-8D1E-9C1FCBF3EFE4}.ReleaseLIB|x86.Build.0 = Release|x64
		{2E6C348C-C75C-4D94-8D1E-9C1FCBF3EFE4}.ReleaseLTCG|x64.ActiveCfg = Release|x64
		{2E6C348C-C75C-4D94-8D1E-9C1FCBF3EFE4}.ReleaseLTCG|x64.Build.0 = Release|x64
		{2E6C348C-C75C-4D94-8D1E-9C1FCBF3EFE4}.ReleaseLTCG|x86.ActiveCfg = Release|x64
		{2E6C348C-C75C-4D94-8D1E-9C1FCBF3EFE4}.ReleaseLTCG|x86.Build.0 = Release|x64
		{160BDC25-5626-4B0D-BDD8-2953D9777FB5}.Debug|x64.ActiveCfg = Debug|x64
		{160BDC25-5626-4B0D-BDD8-2953D9777FB5}.Debug|x64.Build.0 = Debug|x64
		{160BDC25-5626-4B0D-BDD8-2953D9777FB5}.Debug|x86.ActiveCfg = Debug|x64
		{160BDC25-5626-4B0D-BDD8-2953D9777FB5}.DebugDLL|x64.ActiveCfg = Debug|x64
		{160BDC25-5626-4B0D-BDD8-2953D9777FB5}.DebugDLL|x64.Build.0 = Debug|x64
		{160BDC25-5626-4B0D-BDD8-2953D9777FB5}.DebugDLL|x86.ActiveCfg = Release|x64
		{160BDC25-5626-4B0D-BDD8-2953D9777FB5}.DebugDLL|x86.Build.0 = Release|x64
		{160BDC25-5626-4B0D-BDD8-2953D9777FB5}.DebugLIB|x64.ActiveCfg = Debug|x64
		{160BDC25-5626-4B0D-BDD8-2953D9777FB5}.DebugLIB|x64.Build.0 = Debug|x64
		{160BDC25-5626-4B0D-BDD8-2953D9777FB5}.DebugLIB|x86.ActiveCfg = Release|x64
		{160BDC25-5626-4B0D-BDD8-2953D9777FB5}.DebugLIB|x86.Build.0 = Release|x64
		{160BDC25-5626-4B0D-BDD8-2953D9777FB5}.DebugLTCG|x64.ActiveCfg = Debug|x64
		{160BDC25-5626-4B0D-BDD8-2953D9777FB5}.DebugLTCG|x64.Build.0 = Debug|x64
		{160BDC25-5626-4B0D-BDD8-2953D9777FB5}.DebugLTCG|x86.ActiveCfg = Release|x64
		{160BDC25-5626-4B0D-BDD8-2953D9777FB5}.DebugLTCG|x86.Build.0 = Release|x64
		{160BDC25-5626-4B0D-BDD8-2953D9777FB5}.Release|x64.ActiveCfg = Release|x64
		{160BDC25-5626-4B0D-BDD8-2953D9777FB5}.Release|x64.Build.0 = Release|x64
		{160BDC25-5626-4B0D-BDD8-2953D9777FB5}.Release|x86.ActiveCfg = Release|x64
		{160BDC25-5626-4B0D-BDD8-2953D9777FB5}.ReleaseDLL|x64.ActiveCfg = Release|x64
		{160BDC25-5626-4B0D-BDD8-2953D9777FB5}.ReleaseDLL|x64.Build.0 = Release|x64
		{160BDC25-5626-4B0D-BDD8-2953D9777FB5}.ReleaseDLL|x86.ActiveCfg = Release|x64
		{160BDC25-5626-4B0D-BDD8-2953D9777FB5}.ReleaseDLL|x86.Build.0 = Release|x64
		{160BDC25-5626-4B0D-BDD8-2953D9777FB5}.ReleaseLIB|x64.ActiveCfg = Release|x64
		{160BDC25-5626-4B0D-BDD8-2953D9777FB5}.ReleaseLIB|x64.Build.0 = Release|x64
		{160BDC25-5626-4B0D-BDD8-2953D9777FB5}.ReleaseLIB|x86.ActiveCfg = Release|x64
		{160BDC25-5626-4B0D-BDD8-2953D9777FB5}.ReleaseLIB|x86.Build.0 = Release|x64
		{160BDC25-5626-4B0D-BDD8-2953D9777FB5}.ReleaseLTCG|x64.ActiveCfg = Release|x64
		{160BDC25-5626-4B0D-BDD8-2953D9777FB5}.ReleaseLTCG|x64.Build.0 = Release|x64
		{160BDC25-5626-4B0D-BDD8-2953D9777FB5}.ReleaseLTCG|x86.ActiveCfg = Release|x64
		{160BDC25-5626-4B0D-BDD8-2953D9777FB5}.ReleaseLTCG|x86.Build.0 = Release|x64
		{6BBD47CF-91FD-4077-B676-8B76980178A9}.Debug|x64.ActiveCfg = Debug|x64
		{6BBD47CF-91FD-4077-B676-8B76980178A9}.Debug|x64.Build.0 = Debug|x64
		{6BBD47CF-91FD-4077-B676-8B76980178A9}.Debug|x86.ActiveCfg = Debug|x64
		{6BBD47CF-91FD-4077-B676-8B76980178A9}.DebugDLL|x64.ActiveCfg = Debug|x64
		{6BBD47CF-91FD-4077-B676-8B76980178A9}.DebugDLL|x64.Build.0 = Debug|x64
		{6BBD47CF-91FD-4077-B676-8B76980178A9}.DebugDLL|x86.ActiveCfg = Release|x64
		{6BBD47CF-91FD-4077-B676-8B76980178A9}.DebugDLL|x86.Build.0 = Release|x64
		{6BBD47CF-91FD-4077-B676-8B76980178A9}.DebugLIB|x64.ActiveCfg = Debug|x64
		{6BBD47CF-91FD-4077-B676-8B76980178A9}.DebugLIB|x64.Build.0 = Debug|x64
		{6BBD47CF-91FD-4077-B676-8B76980178A9}.DebugLIB|x86.ActiveCfg = Release|x64
		{6BBD47CF-91FD-4077-B676-8B76980178A9}.DebugLIB|x86.Build.0 = Release|x64
		{6BBD47CF-91FD-4077-B676-8B76980178A9}.DebugLTCG|x64.ActiveCfg = Debug|x64
		{6BBD47CF-91FD-4077-B676-8B76980178A9}.DebugLTCG|x64.Build.0 = Debug|x64
		{6BBD47CF-91FD-4077-B676-8B76980178A9}.DebugLTCG|x86.ActiveCfg = Release|x64
		{6BBD47CF-91FD-4077-B676-8B76980178A9}.DebugLTCG|x86.Build.0 = Release|x64
		{6BBD47CF-91FD-4077-B676-8B76980178A9}.Release|x64.ActiveCfg = Release|x64
		{6BBD47CF-91FD-4077-B676-8B76980178A9}.Release|x64.Build.0 = Release|x64
		{6BBD47CF-91FD-4077-B676-8B76980178A9}.Release|x86.ActiveCfg = Release|x64
		{6BBD47CF-91FD-4077-B676-8B76980178A9}.ReleaseDLL|x64.ActiveCfg = Release|x64
		{6BBD47CF-91FD-4077-B676-8B76980178A9}.ReleaseDLL|x64.Build.0 = Release|x64
		{6BBD47CF-91FD-4077-B676-8B76980178A9}.ReleaseDLL|x86.ActiveCfg = Release|x64
		{6BBD47CF-91FD-4077-B676-8B76980178A9}.ReleaseDLL|x86.Build.0 = Release|x64
		{6BBD47CF-91FD-4077-B676-8B76980178A9}.ReleaseLIB|x64.ActiveCfg = Release|x64
		{6BBD47CF-91FD-4077-B676-8B76980178A9}.ReleaseLIB|x64.Build.0 = Release|x64
		{6BBD47CF-91FD-4077-B676-8B76980178A9}.ReleaseLIB|x86.ActiveCfg = Release|x64
		{6BBD47CF-91FD-4077-B676-8B76980178A9}.ReleaseLIB|x86.Build.0 = Release|x64
		{6BBD47CF-91FD-4077-B676-8B76980178A9}.ReleaseLTCG|x64.ActiveCfg = Release|x64
		{6BBD47CF-91FD-4077-B676-8B76980178A9}.ReleaseLTCG|x64.Build.0 = Release|x64
		{6BBD47CF-91FD-4077-B676-8B76980178A9}.ReleaseLTCG|x86.ActiveCfg = Release|x64
		{6BBD47CF-91FD-4077-B676-8B76980178A9}.ReleaseLTCG|x86.Build.0 = Release|x64
		{604C8368-F34A-4D55-82C8-CC92A0C13254}.Debug|x64.ActiveCfg = Debug|x64
		{604C8368-F34A-4D55-82C8-CC92A0C13254}.Debug|x64.Build.0 = Debug|x64
		{604C8368-F34A-4D55-82C8-CC92A0C13254}.Debug|x86.ActiveCfg = Debug|x64
		{604C8368-F34A-4D55-82C8-CC92A0C13254}.DebugDLL|x64.ActiveCfg = Debug|x64
		{604C8368-F34A-4D55-82C8-CC92A0C13254}.DebugDLL|x64.Build.0 = Debug|x64
		{604C8368-F34A-4D55-82C8-CC92A0C13254}.DebugDLL|x86.ActiveCfg = Release|x64
		{604C8368-F34A-4D55-82C8-CC92A0C13254}.DebugDLL|x86.Build.0 = Release|x64
		{604C8368-F34A-4D55-82C8-CC92A0C13254}.DebugLIB|x64.ActiveCfg = Debug|x64
		{604C8368-F34A-4D55-82C8-CC92A0C13254}.DebugLIB|x64.Build.0 = Debug|x64
		{604C8368-F34A-4D55-82C8-CC92A0C13254}.DebugLIB|x86.ActiveCfg = Release|x64
		{604C8368-F34A-4D55-82C8-CC92A0C13254}.DebugLIB|x86.Build.0 = Release|x64
		{604C8368-F34A-4D55-82C8-CC92A0C13254}.DebugLTCG|x64.ActiveCfg = Debug|x64
		{604C8368-F34A-4D55-82C8-CC92A0C13254}.DebugLTCG|x64.Build.0 = Debug|x64
		{604C8368-F34A-4D55-82C8-CC92A0C13254}.DebugLTCG|x86.ActiveCfg = Release|x64
		{604C8368-F34A-4D55-82C8-CC92A0C13254}.DebugLTCG|x86.Build.0 = Release|x64
		{604C8368-F34A-4D55-82C8-CC92A0C13254}.Release|x64.ActiveCfg = Release|x64
		{604C8368-F34A-4D55-82C8-CC92A0C13254}.Release|x64.Build.0 = Release|x64
		{604C8368-F34A-4D55-82C8-CC92A0C13254}.Release|x86.ActiveCfg = Release|x64
		{604C8368-F34A-4D55-82C8-CC92A0C13254}.ReleaseDLL|x64.ActiveCfg = Release|x64
		{604C8368-F34A-4D55-82C8-CC92A0C13254}.ReleaseDLL|x64.Build.0 = Release|x64
		{604C8368-F34A-4D55-82C8-CC92A0C13254}.ReleaseDLL|x86.ActiveCfg = Release|x64
		{604C8368-F34A-4D55-82C8-CC92A0C13254}.ReleaseDLL|x86.Build.0 = Release|x64
		{604C8368-F34A-4D55-82C8-CC92A0C13254}.ReleaseLIB|x64.ActiveCfg = Release|x64
		{604C8368-F34A-4D55-82C8-CC92A0C13254}.ReleaseLIB|x64.Build.0 = Release|x64
		{604C8368-F34A-4D55-82C8-CC92A0C13254}.ReleaseLIB|x86.ActiveCfg = Release|x64
		{604C8368-F34A-4D55-82C8-CC92A0C13254}.ReleaseLIB|x86.Build.0 = Release|x64
		{604C8368-F34A-4D55-82C8-CC92A0C13254}.ReleaseLTCG|x64.ActiveCfg = Release|x64
		{604C8368-F34A-4D55-82C8-CC92A0C13254}.ReleaseLTCG|x64.Build.0 = Release|x64
		{604C8368-F34A-4D55-82C8-CC92A0C13254}.ReleaseLTCG|x86.ActiveCfg = Release|x64
		{604C8368-F34A-4D55-82C8-CC92A0C13254}.ReleaseLTCG|x86.Build.0 = Release|x64
		{3DE9EE35-3E91-4F27-A014-2866AD8C3FE3}.Debug|x64.ActiveCfg = Debug|x64
		{3DE9EE35-3E91-4F27-A014-2866AD8C3FE3}.Debug|x64.Build.0 = Debug|x64
		{3DE9EE35-3E91-4F27-A014-2866AD8C3FE3}.Debug|x86.ActiveCfg = Debug|x64
		{3DE9EE35-3E91-4F27-A014-2866AD8C3FE3}.DebugDLL|x64.ActiveCfg = Debug|x64
		{3DE9EE35-3E91-4F27-A014-2866AD8C3FE3}.DebugDLL|x64.Build.0 = Debug|x64
		{3DE9EE35-3E91-4F27-A014-2866AD8C3FE3}.DebugDLL|x86.ActiveCfg = Release|x64
		{3DE9EE35-3E91-4F27-A014-2866AD8C3FE3}.DebugDLL|x86.Build.0 = Release|x64
		{3DE9EE35-3E91-4F27-A014-2866AD8C3FE3}.DebugLIB|x64.ActiveCfg = Debug|x64
		{3DE9EE35-3E91-4F27-A014-2866AD8C3FE3}.DebugLIB|x64.Build.0 = Debug|x64
		{3DE9EE35-3E91-4F27-A014-2866AD8C3FE3}.DebugLIB|x86.ActiveCfg = Release|x64
		{3DE9EE35-3E91-4F27-A014-2866AD8C3FE3}.DebugLIB|x86.Build.0 = Release|x64
		{3DE9EE35-3E91-4F27-A014-2866AD8C3FE3}.DebugLTCG|x64.ActiveCfg = Debug|x64
		{3DE9EE35-3E91-4F27-A014-2866AD8C3FE3}.DebugLTCG|x64.Build.0 = Debug|x64
		{3DE9EE35-3E91-4F27-A014-2866AD8C3FE3}.DebugLTCG|x86.ActiveCfg = Release|x64
		{3DE9EE35-3E91-4F27-A014-2866AD8C3FE3}.DebugLTCG|x86.Build.0 = Release|x64
		{3DE9EE35-3E91-4F27-A014-2866AD8C3FE3}.Release|x64.ActiveCfg = Release|x64
		{3DE9EE35-3E91-4F27-A014-2866AD8C3FE3}.Release|x64.Build.0 = Release|x64
		{3DE9EE35-3E91-4F27-A014-2866AD8C3FE3}.Release|x86.ActiveCfg = Release|x64
		{3DE9EE35-3E91-4F27-A014-2866AD8C3FE3}.ReleaseDLL|x64.ActiveCfg = Release|x64
		{3DE9EE35-3E91-4F27-A014-2866AD8C3FE3}.ReleaseDLL|x64.Build.0 = Release|x64
		{3DE9EE35-3E91-4F27-A014-2866AD8C3FE3}.ReleaseDLL|x86.ActiveCfg = Release|x64
		{3DE9EE35-3E91-4F27-A014-2866AD8C3FE3}.ReleaseDLL|x86.Build.0 = Release|x64
		{3DE9EE35-3E91-4F27-A014-2866AD8C3FE3}.ReleaseLIB|x64.ActiveCfg = Release|x64
		{3DE9EE35-3E91-4F27-A014-2866AD8C3FE3}.ReleaseLIB|x64.Build.0 = Release|x64
		{3DE9EE35-3E91-4F27-A014-2866AD8C3FE3}.ReleaseLIB|x86.ActiveCfg = Release|x64
		{3DE9EE35-3E91-4F27-A014-2866AD8C3FE3}.ReleaseLIB|x86.Build.0 = Release|x64
		{3DE9EE35-3E91-4F27-A014-2866AD8C3FE3}.ReleaseLTCG|x64.ActiveCfg = Release|x64
		{3DE9EE35-3E91-4F27-A014-2866AD8C3FE3}.ReleaseLTCG|x64.Build.0 = Release|x64
		{3DE9EE35-3E91-4F27-A014-2866AD8C3FE3}.ReleaseLTCG|x86.ActiveCfg = Release|x64
		{3DE9EE35-3E91-4F27-A014-2866AD8C3FE3}.ReleaseLTCG|x86.Build.0 = Release|x64
		{8ADA04D7-6DB1-4DA4-AB55-64FB12A0997B}.Debug|x64.ActiveCfg = Debug|x64
		{8ADA04D7-6DB1-4DA4-AB55-64FB12A0997B}.Debug|x64.Build.0 = Debug|x64
		{8ADA04D7-6DB1-4DA4-AB55-64FB12A0997B}.Debug|x86.ActiveCfg = Debug|x64
		{8ADA04D7-6DB1-4DA4-AB55-64FB12A0997B}.DebugDLL|x64.ActiveCfg = Debug|x64
		{8ADA04D7-6DB1-4DA4-AB55-64FB12A0997B}.DebugDLL|x64.Build.0 = Debug|x64
		{8ADA04D7-6DB1-4DA4-AB55-64FB12A0997B}.DebugDLL|x86.ActiveCfg = Release|x64
		{8ADA04D7-6DB1-4DA4-AB55-64FB12A0997B}.DebugDLL|x86.Build.0 = Release|x64
		{8ADA04D7-6DB1-4DA4-AB55-64FB12A0997B}.DebugLIB|x64.ActiveCfg = Debug|x64
		{8ADA04D7-6DB1-4DA4-AB55-64FB12A0997B}.DebugLIB|x64.Build.0 = Debug|x64
		{8ADA04D7-6DB1-4DA4-AB55-64FB12A0997B}.DebugLIB|x86.ActiveCfg = Release|x64
		{8ADA04D7-6DB1-4DA4-AB55-64FB12A0997B}.DebugLIB|x86.Build.0 = Release|x64
		{8ADA04D7-6DB1-4DA4-AB55-64FB12A0997B}.DebugLTCG|x64.ActiveCfg = Debug|x64
		{8ADA04D7-6DB1-4DA4-AB55-64FB12A0997B}.DebugLTCG|x64.Build.0 = Debug|x64
		{8ADA04D7-6DB1-4DA4-AB55-64FB12A0997B}.DebugLTCG|x86.ActiveCfg = Release|x64
		{8ADA04D7-6DB1-4DA4-AB55-64FB12A0997B}.DebugLTCG|x86.Build.0 = Release|x64
		{8ADA04D7-6DB1-4DA4-AB55-64FB12A0997B}.Release|x64.ActiveCfg = Release|x64
		{8ADA04D7-6DB1-4DA4-AB55-64FB12A0997B}.Release|x64.Build.0 = Release|x64
		{8ADA04D7-6DB1-4DA4-AB55-64FB12A0997B}.Release|x86.ActiveCfg = Release|x64
		{8ADA04D7-6DB1-4DA4-AB55-64FB12A0997B}.ReleaseDLL|x64.ActiveCfg = Release|x64
		{8ADA04D7-6DB1-4DA4-AB55-64FB12A0997B}.ReleaseDLL|x64.Build.0 = Release|x64
		{8ADA04D7-6DB1-4DA4-AB55-64FB12A0997B}.ReleaseDLL|x86.ActiveCfg = Release|x64
		{8ADA04D7-6DB1-4DA4-AB55-64FB12A0997B}.ReleaseDLL|x86.Build.0 = Release|x64
		{8ADA04D7-6DB1-4DA4-AB55-64FB12A0997B}.ReleaseLIB|x64.ActiveCfg = Release|x64
		{8ADA04D7-6DB1-4DA4-AB55-64FB12A0997B}.ReleaseLIB|x64.Build.0 = Release|x64
		{8ADA04D7-6DB1-4DA4-AB55-64FB12A0997B}.ReleaseLIB|x86.ActiveCfg = Release|x64
		{8ADA04D7-6DB1-4DA4-AB55-64FB12A0997B}.ReleaseLIB|x86.Build.0 = Release|x64
		{8ADA04D7-6DB1-4DA4-AB55-64FB12A0997B}.ReleaseLTCG|x64.ActiveCfg = Release|x64
		{8ADA04D7-6DB1-4DA4-AB55-64FB12A0997B}.ReleaseLTCG|x64.Build.0 = Release|x64
		{8ADA04D7-6DB1-4DA4-AB55-64FB12A0997B}.ReleaseLTCG|x86.ActiveCfg = Release|x64
		{8ADA04D7-6DB1-4DA4-AB55-64FB12A0997B}.ReleaseLTCG|x86.Build.0 = Release|x64
		{0E033BE3-2E08-428E-9AE9-BC673EFA12B5}.Debug|x64.ActiveCfg = Debug|x64
		{0E033BE3-2E08-428E-9AE9-BC673EFA12B5}.Debug|x64.Build.0 = Debug|x64
		{0E033BE3-2E08-428E-9AE9-BC673EFA12B5}.Debug|x86.ActiveCfg = Debug|x64
		{0E033BE3-2E08-428E-9AE9-BC673EFA12B5}.DebugDLL|x64.ActiveCfg = Debug|x64
		{0E033BE3-2E08-428E-9AE9-BC673EFA12B5}.DebugDLL|x64.Build.0 = Debug|x64
		{0E033BE3-2E08-428E-9AE9-BC673EFA12B5}.DebugDLL|x86.ActiveCfg = Release|x64
		{0E033BE3-2E08-428E-9AE9-BC673EFA12B5}.DebugDLL|x86.Build.0 = Release|x64
		{0E033BE3-2E08-428E-9AE9-BC673EFA12B5}.DebugLIB|x64.ActiveCfg = Debug|x64
		{0E033BE3-2E08-428E-9AE9-BC673EFA12B5}.DebugLIB|x64.Build.0 = Debug|x64
		{0E033BE3-2E08-428E-9AE9-BC673EFA12B5}.DebugLIB|x86.ActiveCfg = Release|x64
		{0E033BE3-2E08-428E-9AE9-BC673EFA12B5}.DebugLIB|x86.Build.0 = Release|x64
		{0E033BE3-2E08-428E-9AE9-BC673EFA12B5}.DebugLTCG|x64.ActiveCfg = Debug|x64
		{0E033BE3-2E08-428E-9AE9-BC673EFA12B5}.DebugLTCG|x64.Build.0 = Debug|x64
		{0E033BE3-2E08-428E-9AE9-BC673EFA12B5}.DebugLTCG|x86.ActiveCfg = Release|x64
		{0E033BE3-2E08-428E-9AE9-BC673EFA12B5}.DebugLTCG|x86.Build.0 = Release|x64
		{0E033BE3-2E08-428E-9AE9-BC673EFA12B5}.Release|x64.ActiveCfg = Release|x64
		{0E033BE3-2E08-428E-9AE9-BC673EFA12B5}.Release|x64.Build.0 = Release|x64
		{0E033BE3-2E08-428E-9AE9-BC673EFA12B5}.Release|x86.ActiveCfg = Release|x64
		{0E033BE3-2E08-428E-9AE9-BC673EFA12B5}.ReleaseDLL|x64.ActiveCfg = Release|x64
		{0E033BE3-2E08-428E-9AE9-BC673EFA12B5}.ReleaseDLL|x64.Build.0 = Release|x64
		{0E033BE3-2E08-428E-9AE9-BC673EFA12B5}.ReleaseDLL|x86.ActiveCfg = Release|x64
		{0E033BE3-2E08-428E-9AE9-BC673EFA12B5}.ReleaseDLL|x86.Build.0 = Release|x64
		{0E033BE3-2E08-428E-9AE9-BC673EFA12B5}.ReleaseLIB|x64.ActiveCfg = Release|x64
		{0E033BE3-2E08-428E-9AE9-BC673EFA12B5}.ReleaseLIB|x64.Build.0 = Release|x64
		{0E033BE3-2E08-428E-9AE9-BC673EFA12B5}.ReleaseLIB|x86.ActiveCfg = Release|x64
		{0E033BE3-2E08-428E-9AE9-BC673EFA12B5}.ReleaseLIB|x86.Build.0 = Release|x64
		{0E033BE3-2E08-428E-9AE9-BC673EFA12B5}.ReleaseLTCG|x64.ActiveCfg = Release|x64
		{0E033BE3-2E08-428E-9AE9-BC673EFA12B5}.ReleaseLTCG|x64.Build.0 = Release|x64
		{0E033BE3-2E08-428E-9AE9-BC673EFA12B5}.ReleaseLTCG|x86.ActiveCfg = Release|x64
		{0E033BE3-2E08-428E-9AE9-BC673EFA12B5}.ReleaseLTCG|x86.Build.0 = Release|x64
		{AB993F38-C31D-4897-B139-A620C42BC565}.Debug|x64.ActiveCfg = Debug|x64
		{AB993F38-C31D-4897-B139-A620C42BC565}.Debug|x64.Build.0 = Debug|x64
		{AB993F38-C31D-4897-B139-A620C42BC565}.Debug|x86.ActiveCfg = Debug|x64
		{AB993F38-C31D-4897-B139-A620C42BC565}.DebugDLL|x64.ActiveCfg = Debug|x64
		{AB993F38-C31D-4897-B139-A620C42BC565}.DebugDLL|x64.Build.0 = Debug|x64
		{AB993F38-C31D-4897-B139-A620C42BC565}.DebugDLL|x86.ActiveCfg = Release|x64
		{AB993F38-C31D-4897-B139-A620C42BC565}.DebugDLL|x86.Build.0 = Release|x64
		{AB993F38-C31D-4897-B139-A620C42BC565}.DebugLIB|x64.ActiveCfg = Debug|x64
		{AB993F38-C31D-4897-B139-A620C42BC565}.DebugLIB|x64.Build.0 = Debug|x64
		{AB993F38-C31D-4897-B139-A620C42BC565}.DebugLIB|x86.ActiveCfg = Release|x64
		{AB993F38-C31D-4897-B139-A620C42BC565}.DebugLIB|x86.Build.0 = Release|x64
		{AB993F38-C31D-4897-B139-A620C42BC565}.DebugLTCG|x64.ActiveCfg = Debug|x64
		{AB993F38-C31D-4897-B139-A620C42BC565}.DebugLTCG|x64.Build.0 = Debug|x64
		{AB993F38-C31D-4897-B139-A620C42BC565}.DebugLTCG|x86.ActiveCfg = Release|x64
		{AB993F38-C31D-4897-B139-A620C42BC565}.DebugLTCG|x86.Build.0 = Release|x64
		{AB993F38-C31D-4897-B139-A620C42BC565}.Release|x64.ActiveCfg = Release|x64
		{AB993F38-C31D-4897-B139-A620C42BC565}.Release|x64.Build.0 = Release|x64
		{AB993F38-C31D-4897-B139-A620C42BC565}.Release|x86.ActiveCfg = Release|x64
		{AB993F38-C31D-4897-B139-A620C42BC565}.ReleaseDLL|x64.ActiveCfg = Release|x64
		{AB993F38-C31D-4897-B139-A620C42BC565}.ReleaseDLL|x64.Build.0 = Release|x64
		{AB993F38-C31D-4897-B139-A620C42BC565}.ReleaseDLL|x86.ActiveCfg = Release|x64
		{AB993F38-C31D-4897-B139-A620C42BC565}.ReleaseDLL|x86.Build.0 = Release|x64
		{AB993F38-C31D-4897-B139-A620C42BC565}.ReleaseLIB|x64.ActiveCfg = Release|x64
		{AB993F38-C31D-4897-B139-A620C42BC565}.ReleaseLIB|x64.Build.0 = Release|x64
		{AB993F38-C31D-4897-B139-A620C42BC565}.ReleaseLIB|x86.ActiveCfg = Release|x64
		{AB993F38-C31D-4897-B139-A620C42BC565}.ReleaseLIB|x86.Build.0 = Release|x64
		{AB993F38-C31D-4897-B139-A620C42BC565}.ReleaseLTCG|x64.ActiveCfg = Release|x64
		{AB993F38-C31D-4897-B139-A620C42BC565}.ReleaseLTCG|x64.Build.0 = Release|x64
		{AB993F38-C31D-4897-B139-A620C42BC565}.ReleaseLTCG|x86.ActiveCfg = Release|x64
		{AB993F38-C31D-4897-B139-A620C42BC565}.ReleaseLTCG|x86.Build.0 = Release|x64
		{31643FDB-1BB8-4965-9DE7-000FC88D35AE}.Debug|x64.ActiveCfg = Debug|x64
		{31643FDB-1BB8-4965-9DE7-000FC88D35AE}.Debug|x64.Build.0 = Debug|x64
		{31643FDB-1BB8-4965-9DE7-000FC88D35AE}.Debug|x86.ActiveCfg = Debug|x64
		{31643FDB-1BB8-4965-9DE7-000FC88D35AE}.DebugDLL|x64.ActiveCfg = Debug|x64
		{31643FDB-1BB8-4965-9DE7-000FC88D35AE}.DebugDLL|x64.Build.0 = Debug|x64
		{31643FDB-1BB8-4965-9DE7-000FC88D35AE}.DebugDLL|x86.ActiveCfg = Release|x64
		{31643FDB-1BB8-4965-9DE7-000FC88D35AE}.DebugDLL|x86.Build.0 = Release|x64
		{31643FDB-1BB8-4965-9DE7-000FC88D35AE}.DebugLIB|x64.ActiveCfg = Debug|x64
		{31643FDB-1BB8-4965-9DE7-000FC88D35AE}.DebugLIB|x64.Build.0 = Debug|x64
		{31643FDB-1BB8-4965-9DE7-000FC88D35AE}.DebugLIB|x86.ActiveCfg = Release|x64
		{31643FDB-1BB8-4965-9DE7-000FC88D35AE}.DebugLIB|x86.Build.0 = Release|x64
		{31643FDB-1BB8-4965-9DE7-000FC88D35AE}.DebugLTCG|x64.ActiveCfg = Debug|x64
		{31643FDB-1BB8-4965-9DE7-000FC88D35AE}.DebugLTCG|x64.Build.0 = Debug|x64
		{31643FDB-1BB8-4965-9DE7-000FC88D35AE}.DebugLTCG|x86.ActiveCfg = Release|x64
		{31643FDB-1BB8-4965-9DE7-000FC88D35AE}.DebugLTCG|x86.Build.0 = Release|x64
		{31643FDB-1BB8-4965-9DE7-000FC88D35AE}.Release|x64.ActiveCfg = Release|x64
		{31643FDB-1BB8-4965-9DE7-000FC88D35AE}.Release|x64.Build.0 = Release|x64
		{31643FDB-1BB8-4965-9DE7-000FC88D35AE}.Release|x86.ActiveCfg = Release|x64
		{31643FDB-1BB8-4965-9DE7-000FC88D35AE}.ReleaseDLL|x64.ActiveCfg = Release|x64
		{31643FDB-1BB8-4965-9DE7-000FC88D35AE}.ReleaseDLL|x64.Build.0 = Release|x64
		{31643FDB-1BB8-4965-9DE7-000FC88D35AE}.ReleaseDLL|x86.ActiveCfg = Release|x64
		{31643FDB-1BB8-4965-9DE7-000FC88D35AE}.ReleaseDLL|x86.Build.0 = Release|x64
		{31643FDB-1BB8-4965-9DE7-000FC88D35AE}.ReleaseLIB|x64.ActiveCfg = Release|x64
		{31643FDB-1BB8-4965-9DE7-000FC88D35AE}.ReleaseLIB|x64.Build.0 = Release|x64
		{31643FDB-1BB8-4965-9DE7-000FC88D35AE}.ReleaseLIB|x86.ActiveCfg = Release|x64
		{31643FDB-1BB8-4965-9DE7-000FC88D35AE}.ReleaseLIB|x86.Build.0 = Release|x64
		{31643FDB-1BB8-4965-9DE7-000FC88D35AE}.ReleaseLTCG|x64.ActiveCfg = Release|x64
		{31643FDB-1BB8-4965-9DE7-000FC88D35AE}.ReleaseLTCG|x64.Build.0 = Release|x64
		{31643FDB-1BB8-4965-9DE7-000FC88D35AE}.ReleaseLTCG|x86.ActiveCfg = Release|x64
		{31643FDB-1BB8-4965-9DE7-000FC88D35AE}.ReleaseLTCG|x86.Build.0 = Release|x64
		{4C9F135B-A85E-430C-BAD4-4C67EF5FC12C}.Debug|x64.ActiveCfg = Debug|x64
		{4C9F135B-A85E-430C-BAD4-4C67EF5FC12C}.Debug|x64.Build.0 = Debug|x64
		{4C9F135B-A85E-430C-BAD4-4C67EF5FC12C}.Debug|x86.ActiveCfg = Debug|x64
		{4C9F135B-A85E-430C-BAD4-4C67EF5FC12C}.DebugDLL|x64.ActiveCfg = Debug|x64
		{4C9F135B-A85E-430C-BAD4-4C67EF5FC12C}.DebugDLL|x64.Build.0 = Debug|x64
		{4C9F135B-A85E-430C-BAD4-4C67EF5FC12C}.DebugDLL|x86.ActiveCfg = Release|x64
		{4C9F135B-A85E-430C-BAD4-4C67EF5FC12C}.DebugDLL|x86.Build.0 = Release|x64
		{4C9F135B-A85E-430C-BAD4-4C67EF5FC12C}.DebugLIB|x64.ActiveCfg = Debug|x64
		{4C9F135B-A85E-430C-BAD4-4C67EF5FC12C}.DebugLIB|x64.Build.0 = Debug|x64
		{4C9F135B-A85E-430C-BAD4-4C67EF5FC12C}.DebugLIB|x86.ActiveCfg = Release|x64
		{4C9F135B-A85E-430C-BAD4-4C67EF5FC12C}.DebugLIB|x86.Build.0 = Release|x64
		{4C9F135B-A85E-430C-BAD4-4C67EF5FC12C}.DebugLTCG|x64.ActiveCfg = Debug|x64
		{4C9F135B-A85E-430C-BAD4-4C67EF5FC12C}.DebugLTCG|x64.Build.0 = Debug|x64
		{4C9F135B-A85E-430C-BAD4-4C67EF5FC12C}.DebugLTCG|x86.ActiveCfg = Release|x64
		{4C9F135B-A85E-430C-BAD4-4C67EF5FC12C}.DebugLTCG|x86.Build.0 = Release|x64
		{4C9F135B-A85E-430C-BAD4-4C67EF5FC12C}.Release|x64.ActiveCfg = Release|x64
		{4C9F135B-A85E-430C-BAD4-4C67EF5FC12C}.Release|x64.Build.0 = Release|x64
		{4C9F135B-A85E-430C-BAD4-4C67EF5FC12C}.Release|x86.ActiveCfg = Release|x64
		{4C9F135B-A85E-430C-BAD4-4C67EF5FC12C}.ReleaseDLL|x64.ActiveCfg = Release|x64
		{4C9F135B-A85E-430C-BAD4-4C67EF5FC12C}.ReleaseDLL|x64.Build.0 = Release|x64
		{4C9F135B-A85E-430C-BAD4-4C67EF5FC12C}.ReleaseDLL|x86.ActiveCfg = Release|x64
		{4C9F135B-A85E-430C-BAD4-4C67EF5FC12C}.ReleaseDLL|x86.Build.0 = Release|x64
		{4C9F135B-A85E-430C-BAD4-4C67EF5FC12C}.ReleaseLIB|x64.ActiveCfg = Release|x64
		{4C9F135B-A85E-430C-BAD4-4C67EF5FC12C}.ReleaseLIB|x64.Build.0 = Release|x64
		{4C9F135B-A85E-430C-BAD4-4C67EF5FC12C}.ReleaseLIB|x86.ActiveCfg = Release|x64
		{4C9F135B-A85E-430C-BAD4-4C67EF5FC12C}.ReleaseLIB|x86.Build.0 = Release|x64
		{4C9F135B-A85E-430C-BAD4-4C67EF5FC12C}.ReleaseLTCG|x64.ActiveCfg = Release|x64
		{4C9F135B-A85E-430C-BAD4-4C67EF5FC12C}.ReleaseLTCG|x64.Build.0 = Release|x64
		{4C9F135B-A85E-430C-BAD4-4C67EF5FC12C}.ReleaseLTCG|x86.ActiveCfg = Release|x64
		{4C9F135B-A85E-430C-BAD4-4C67EF5FC12C}.ReleaseLTCG|x86.Build.0 = Release|x64
		{B441CC62-877E-4B3F-93E0-0DE80544F705}.Debug|x64.ActiveCfg = Debug|x64
		{B441CC62-877E-4B3F-93E0-0DE80544F705}.Debug|x64.Build.0 = Debug|x64
		{B441CC62-877E-4B3F-93E0-0DE80544F705}.Debug|x86.ActiveCfg = Debug|x64
		{B441CC62-877E-4B3F-93E0-0DE80544F705}.DebugDLL|x64.ActiveCfg = Debug|x64
		{B441CC62-877E-4B3F-93E0-0DE80544F705}.DebugDLL|x64.Build.0 = Debug|x64
		{B441CC62-877E-4B3F-93E0-0DE80544F705}.DebugDLL|x86.ActiveCfg = Release|x64
		{B441CC62-877E-4B3F-93E0-0DE80544F705}.DebugDLL|x86.Build.0 = Release|x64
		{B441CC62-877E-4B3F-93E0-0DE80544F705}.DebugLIB|x64.ActiveCfg = Debug|x64
		{B441CC62-877E-4B3F-93E0-0DE80544F705}.DebugLIB|x64.Build.0 = Debug|x64
		{B441CC62-877E-4B3F-93E0-0DE80544F705}.DebugLIB|x86.ActiveCfg = Release|x64
		{B441CC62-877E-4B3F-93E0-0DE80544F705}.DebugLIB|x86.Build.0 = Release|x64
		{B441CC62-877E-4B3F-93E0-0DE80544F705}.DebugLTCG|x64.ActiveCfg = Debug|x64
		{B441CC62-877E-4B3F-93E0-0DE80544F705}.DebugLTCG|x64.Build.0 = Debug|x64
		{B441CC62-877E-4B3F-93E0-0DE80544F705}.DebugLTCG|x86.ActiveCfg = Release|x64
		{B441CC62-877E-4B3F-93E0-0DE80544F705}.DebugLTCG|x86.Build.0 = Release|x64
		{B441CC62-877E-4B3F-93E0-0DE80544F705}.Release|x64.ActiveCfg = Release|x64
		{B441CC62-877E-4B3F-93E0-0DE80544F705}.Release|x64.Build.0 = Release|x64
		{B441CC62-877E-4B3F-93E0-0DE80544F705}.Release|x86.ActiveCfg = Release|x64
		{B441CC62-877E-4B3F-93E0-0DE80544F705}.ReleaseDLL|x64.ActiveCfg = Release|x64
		{B441CC62-877E-4B3F-93E0-0DE80544F705}.ReleaseDLL|x64.Build.0 = Release|x64
		{B441CC62-877E-4B3F-93E0-0DE80544F705}.ReleaseDLL|x86.ActiveCfg = Release|x64
		{B441CC62-877E-4B3F-93E0-0DE80544F705}.ReleaseDLL|x86.Build.0 = Release|x64
		{B441CC62-877E-4B3F-93E0-0DE80544F705}.ReleaseLIB|x64.ActiveCfg = Release|x64
		{B441CC62-877E-4B3F-93E0-0DE80544F705}.ReleaseLIB|x64.Build.0 = Release|x64
		{B441CC62-877E-4B3F-93E0-0DE80544F705}.ReleaseLIB|x86.ActiveCfg = Release|x64
		{B441CC62-877E-4B3F-93E0-0DE80544F705}.ReleaseLIB|x86.Build.0 = Release|x64
		{B441CC62-877E-4B3F-93E0-0DE80544F705}.ReleaseLTCG|x64.ActiveCfg = Release|x64
		{B441CC62-877E-4B3F-93E0-0DE80544F705}.ReleaseLTCG|x64.Build.0 = Release|x64
		{B441CC62-877E-4B3F-93E0-0DE80544F705}.ReleaseLTCG|x86.ActiveCfg = Release|x64
		{B441CC62-877E-4B3F-93E0-0DE80544F705}.ReleaseLTCG|x86.Build.0 = Release|x64
		{677EA016-1182-440C-9345-DC88D1E98C0C}.Debug|x64.ActiveCfg = Debug|x64
		{677EA016-1182-440C-9345-DC88D1E98C0C}.Debug|x64.Build.0 = Debug|x64
		{677EA016-1182-440C-9345-DC88D1E98C0C}.Debug|x86.ActiveCfg = Debug|x64
		{677EA016-1182-440C-9345-DC88D1E98C0C}.DebugDLL|x64.ActiveCfg = Debug|x64
		{677EA016-1182-440C-9345-DC88D1E98C0C}.DebugDLL|x64.Build.0 = Debug|x64
		{677EA016-1182-440C-9345-DC88D1E98C0C}.DebugDLL|x86.ActiveCfg = Release|x64
		{677EA016-1182-440C-9345-DC88D1E98C0C}.DebugDLL|x86.Build.0 = Release|x64
		{677EA016-1182-440C-9345-DC88D1E98C0C}.DebugLIB|x64.ActiveCfg = Debug|x64
		{677EA016-1182-440C-9345-DC88D1E98C0C}.DebugLIB|x64.Build.0 = Debug|x64
		{677EA016-1182-440C-9345-DC88D1E98C0C}.DebugLIB|x86.ActiveCfg = Release|x64
		{677EA016-1182-440C-9345-DC88D1E98C0C}.DebugLIB|x86.Build.0 = Release|x64
		{677EA016-1182-440C-9345-DC88D1E98C0C}.DebugLTCG|x64.ActiveCfg = Debug|x64
		{677EA016-1182-440C-9345-DC88D1E98C0C}.DebugLTCG|x64.Build.0 = Debug|x64
		{677EA016-1182-440C-9345-DC88D1E98C0C}.DebugLTCG|x86.ActiveCfg = Release|x64
		{677EA016-1182-440C-9345-DC88D1E98C0C}.DebugLTCG|x86.Build.0 = Release|x64
		{677EA016-1182-440C-9345-DC88D1E98C0C}.Release|x64.ActiveCfg = Release|x64
		{677EA016-1182-440C-9345-DC88D1E98C0C}.Release|x64.Build.0 = Release|x64
		{677EA016-1182-440C-9345-DC88D1E98C0C}.Release|x86.ActiveCfg = Release|x64
		{677EA016-1182-440C-9345-DC88D1E98C0C}.ReleaseDLL|x64.ActiveCfg = Release|x64
		{677EA016-1182-440C-9345-DC88D1E98C0C}.ReleaseDLL|x64.Build.0 = Release|x64
		{677EA016-1182-440C-9345-DC88D1E98C0C}.ReleaseDLL|x86.ActiveCfg = Release|x64
		{677EA016-1182-440C-9345-DC88D1E98C0C}.ReleaseDLL|x86.Build.0 = Release|x64
		{677EA016-1182-440C-9345-DC88D1E98C0C}.ReleaseLIB|x64.ActiveCfg = Release|x64
		{677EA016-1182-440C-9345-DC88D1E98C0C}.ReleaseLIB|x64.Build.0 = Release|x64
		{677EA016-1182-440C-9345-DC88D1E98C0C}.ReleaseLIB|x86.ActiveCfg = Release|x64
		{677EA016-1182-440C-9345-DC88D1E98C0C}.ReleaseLIB|x86.Build.0 = Release|x64
		{677EA016-1182-440C-9345-DC88D1E98C0C}.ReleaseLTCG|x64.ActiveCfg = Release|x64
		{677EA016-1182-440C-9345-DC88D1E98C0C}.ReleaseLTCG|x64.Build.0 = Release|x64
		{677EA016-1182-440C-9345-DC88D1E98C0C}.ReleaseLTCG|x86.ActiveCfg = Release|x64
		{677EA016-1182-440C-9345-DC88D1E98C0C}.ReleaseLTCG|x86.Build.0 = Release|x64
		{FF213B23-2C26-4214-9F88-85271E557E87}.Debug|x64.ActiveCfg = Debug|x64
		{FF213B23-2C26-4214-9F88-85271E557E87}.Debug|x64.Build.0 = Debug|x64
		{FF213B23-2C26-4214-9F88-85271E557E87}.Debug|x86.ActiveCfg = Debug|x64
		{FF213B23-2C26-4214-9F88-85271E557E87}.DebugDLL|x64.ActiveCfg = Debug|x64
		{FF213B23-2C26-4214-9F88-85271E557E87}.DebugDLL|x64.Build.0 = Debug|x64
		{FF213B23-2C26-4214-9F88-85271E557E87}.DebugDLL|x86.ActiveCfg = Release|x64
		{FF213B23-2C26-4214-9F88-85271E557E87}.DebugDLL|x86.Build.0 = Release|x64
		{FF213B23-2C26-4214-9F88-85271E557E87}.DebugLIB|x64.ActiveCfg = Debug|x64
		{FF213B23-2C26-4214-9F88-85271E557E87}.DebugLIB|x64.Build.0 = Debug|x64
		{FF213B23-2C26-4214-9F88-85271E557E87}.DebugLIB|x86.ActiveCfg = Release|x64
		{FF213B23-2C26-4214-9F88-85271E557E87}.DebugLIB|x86.Build.0 = Release|x64
		{FF213B23-2C26-4214-9F88-85271E557E87}.DebugLTCG|x64.ActiveCfg = Debug|x64
		{FF213B23-2C26-4214-9F88-85271E557E87}.DebugLTCG|x64.Build.0 = Debug|x64
		{FF213B23-2C26-4214-9F88-85271E557E87}.DebugLTCG|x86.ActiveCfg = Release|x64
		{FF213B23-2C26-4214-9F88-85271E557E87}.DebugLTCG|x86.Build.0 = Release|x64
		{FF213B23-2C26-4214-9F88-85271E557E87}.Release|x64.ActiveCfg = Release|x64
		{FF213B23-2C26-4214-9F88-85271E557E87}.Release|x64.Build.0 = Release|x64
		{FF213B23-2C26-4214-9F88-85271E557E87}.Release|x86.ActiveCfg = Release|x64
		{FF213B23-2C26-4214-9F88-85271E557E87}.ReleaseDLL|x64.ActiveCfg = Release|x64
		{FF213B23-2C26-4214-9F88-85271E557E87}.ReleaseDLL|x64.Build.0 = Release|x64
		{FF213B23-2C26-4214-9F88-85271E557E87}.ReleaseDLL|x86.ActiveCfg = Release|x64
		{FF213B23-2C26-4214-9F88-85271E557E87}.ReleaseDLL|x86.Build.0 = Release|x64
		{FF213B23-2C26-4214-9F88-85271E557E87}.ReleaseLIB|x64.ActiveCfg = Release|x64
		{FF213B23-2C26-4214-9F88-85271E557E87}.ReleaseLIB|x64.Build.0 = Release|x64
		{FF213B23-2C26-4214-9F88-85271E557E87}.ReleaseLIB|x86.ActiveCfg = Release|x64
		{FF213B23-2C26-4214-9F88-85271E557E87}.ReleaseLIB|x86.Build.0 = Release|x64
		{FF213B23-2C26-4214-9F88-85271E557E87}.ReleaseLTCG|x64.ActiveCfg = Release|x64
		{FF213B23-2C26-4214-9F88-85271E557E87}.ReleaseLTCG|x64.Build.0 = Release|x64
		{FF213B23-2C26-4214-9F88-85271E557E87}.ReleaseLTCG|x86.ActiveCfg = Release|x64
		{FF213B23-2C26-4214-9F88-85271E557E87}.ReleaseLTCG|x86.Build.0 = Release|x64
		{EC082900-B4D8-42E9-9663-77F02F6936AE}.Debug|x64.ActiveCfg = Debug|x64
		{EC082900-B4D8-42E9-9663-77F02F6936AE}.Debug|x64.Build.0 = Debug|x64
		{EC082900-B4D8-42E9-9663-77F02F6936AE}.Debug|x86.ActiveCfg = Debug|x64
		{EC082900-B4D8-42E9-9663-77F02F6936AE}.DebugDLL|x64.ActiveCfg = Debug|x64
		{EC082900-B4D8-42E9-9663-77F02F6936AE}.DebugDLL|x64.Build.0 = Debug|x64
		{EC082900-B4D8-42E9-9663-77F02F6936AE}.DebugDLL|x86.ActiveCfg = Release|x64
		{EC082900-B4D8-42E9-9663-77F02F6936AE}.DebugDLL|x86.Build.0 = Release|x64
		{EC082900-B4D8-42E9-9663-77F02F6936AE}.DebugLIB|x64.ActiveCfg = Debug|x64
		{EC082900-B4D8-42E9-9663-77F02F6936AE}.DebugLIB|x64.Build.0 = Debug|x64
		{EC082900-B4D8-42E9-9663-77F02F6936AE}.DebugLIB|x86.ActiveCfg = Release|x64
		{EC082900-B4D8-42E9-9663-77F02F6936AE}.DebugLIB|x86.Build.0 = Release|x64
		{EC082900-B4D8-42E9-9663-77F02F6936AE}.DebugLTCG|x64.ActiveCfg = Debug|x64
		{EC082900-B4D8-42E9-9663-77F02F6936AE}.DebugLTCG|x64.Build.0 = Debug|x64
		{EC082900-B4D8-42E9-9663-77F02F6936AE}.DebugLTCG|x86.ActiveCfg = Release|x64
		{EC082900-B4D8-42E9-9663-77F02F6936AE}.DebugLTCG|x86.Build.0 = Release|x64
		{EC082900-B4D8-42E9-9663-77F02F6936AE}.Release|x64.ActiveCfg = Release|x64
		{EC082900-B4D8-42E9-9663-77F02F6936AE}.Release|x64.Build.0 = Release|x64
		{EC082900-B4D8-42E9-9663-77F02F6936AE}.Release|x86.ActiveCfg = Release|x64
		{EC082900-B4D8-42E9-9663-77F02F6936AE}.ReleaseDLL|x64.ActiveCfg = Release|x64
		{EC082900-B4D8-42E9-9663-77F02F6936AE}.ReleaseDLL|x64.Build.0 = Release|x64
		{EC082900-B4D8-42E9-9663-77F02F6936AE}.ReleaseDLL|x86.ActiveCfg = Release|x64
		{EC082900-B4D8-42E9-9663-77F02F6936AE}.ReleaseDLL|x86.Build.0 = Release|x64
		{EC082900-B4D8-42E9-9663-77F02F6936AE}.ReleaseLIB|x64.ActiveCfg = Release|x64
		{EC082900-B4D8-42E9-9663-77F02F6936AE}.ReleaseLIB|x64.Build.0 = Release|x64
		{EC082900-B4D8-42E9-9663-77F02F6936AE}.ReleaseLIB|x86.ActiveCfg = Release|x64
		{EC082900-B4D8-42E9-9663-77F02F6936AE}.ReleaseLIB|x86.Build.0 = Release|x64
		{EC082900-B4D8-42E9-9663-77F02F6936AE}.ReleaseLTCG|x64.ActiveCfg = Release|x64
		{EC082900-B4D8-42E9-9663-77F02F6936AE}.ReleaseLTCG|x64.Build.0 = Release|x64
		{EC082900-B4D8-42E9-9663-77F02F6936AE}.ReleaseLTCG|x86.ActiveCfg = Release|x64
		{EC082900-B4D8-42E9-9663-77F02F6936AE}.ReleaseLTCG|x86.Build.0 = Release|x64
		{1C8436C9-DBAF-42BE-83BC-CF3EC9175ABE}.Debug|x64.ActiveCfg = Debug|x64
		{1C8436C9-DBAF-42BE-83BC-CF3EC9175ABE}.Debug|x64.Build.0 = Debug|x64
		{1C8436C9-DBAF-42BE-83BC-CF3EC9175ABE}.Debug|x86.ActiveCfg = Debug|x64
		{1C8436C9-DBAF-42BE-83BC-CF3EC9175ABE}.DebugDLL|x64.ActiveCfg = Debug|x64
		{1C8436C9-DBAF-42BE-83BC-CF3EC9175ABE}.DebugDLL|x64.Build.0 = Debug|x64
		{1C8436C9-DBAF-42BE-83BC-CF3EC9175ABE}.DebugDLL|x86.ActiveCfg = Release|x64
		{1C8436C9-DBAF-42BE-83BC-CF3EC9175ABE}.DebugDLL|x86.Build.0 = Release|x64
		{1C8436C9-DBAF-42BE-83BC-CF3EC9175ABE}.DebugLIB|x64.ActiveCfg = Debug|x64
		{1C8436C9-DBAF-42BE-83BC-CF3EC9175ABE}.DebugLIB|x64.Build.0 = Debug|x64
		{1C8436C9-DBAF-42BE-83BC-CF3EC9175ABE}.DebugLIB|x86.ActiveCfg = Release|x64
		{1C8436C9-DBAF-42BE-83BC-CF3EC9175ABE}.DebugLIB|x86.Build.0 = Release|x64
		{1C8436C9-DBAF-42BE-83BC-CF3EC9175ABE}.DebugLTCG|x64.ActiveCfg = Debug|x64
		{1C8436C9-DBAF-42BE-83BC-CF3EC9175ABE}.DebugLTCG|x64.Build.0 = Debug|x64
		{1C8436C9-DBAF-42BE-83BC-CF3EC9175ABE}.DebugLTCG|x86.ActiveCfg = Release|x64
		{1C8436C9-DBAF-42BE-83BC-CF3EC9175ABE}.DebugLTCG|x86.Build.0 = Release|x64
		{1C8436C9-DBAF-42BE-83BC-CF3EC9175ABE}.Release|x64.ActiveCfg = Release|x64
		{1C8436C9-DBAF-42BE-83BC-CF3EC9175ABE}.Release|x64.Build.0 = Release|x64
		{1C8436C9-DBAF-42BE-83BC-CF3EC9175ABE}.Release|x86.ActiveCfg = Release|x64
		{1C8436C9-DBAF-42BE-83BC-CF3EC9175ABE}.ReleaseDLL|x64.ActiveCfg = Release|x64
		{1C8436C9-DBAF-42BE-83BC-CF3EC9175ABE}.ReleaseDLL|x64.Build.0 = Release|x64
		{1C8436C9-DBAF-42BE-83BC-CF3EC9175ABE}.ReleaseDLL|x86.ActiveCfg = Release|x64
		{1C8436C9-DBAF-42BE-83BC-CF3EC9175ABE}.ReleaseDLL|x86.Build.0 = Release|x64
		{1C8436C9-DBAF-42BE-83BC-CF3EC9175ABE}.ReleaseLIB|x64.ActiveCfg = Release|x64
		{1C8436C9-DBAF-42BE-83BC-CF3EC9175ABE}.ReleaseLIB|x64.Build.0 = Release|x64
		{1C8436C9-DBAF-42BE-83BC-CF3EC9175ABE}.ReleaseLIB|x86.ActiveCfg = Release|x64
		{1C8436C9-DBAF-42BE-83BC-CF3EC9175ABE}.ReleaseLIB|x86.Build.0 = Release|x64
		{1C8436C9-DBAF-42BE-83BC-CF3EC9175ABE}.ReleaseLTCG|x64.ActiveCfg = Release|x64
		{1C8436C9-DBAF-42BE-83BC-CF3EC9175ABE}.ReleaseLTCG|x64.Build.0 = Release|x64
		{1C8436C9-DBAF-42BE-83BC-CF3EC9175ABE}.ReleaseLTCG|x86.ActiveCfg = Release|x64
		{1C8436C9-DBAF-42BE-83BC-CF3EC9175ABE}.ReleaseLTCG|x86.Build.0 = Release|x64
		{BDB6578B-0691-4E80-A46C-DF21639FD3B8}.Debug|x64.ActiveCfg = Debug|x64
		{BDB6578B-0691-4E80-A46C-DF21639FD3B8}.Debug|x64.Build.0 = Debug|x64
		{BDB6578B-0691-4E80-A46C-DF21639FD3B8}.Debug|x86.ActiveCfg = Debug|x64
		{BDB6578B-0691-4E80-A46C-DF21639FD3B8}.DebugDLL|x64.ActiveCfg = Debug|x64
		{BDB6578B-0691-4E80-A46C-DF21639FD3B8}.DebugDLL|x64.Build.0 = Debug|x64
		{BDB6578B-0691-4E80-A46C-DF21639FD3B8}.DebugDLL|x86.ActiveCfg = Release|x64
		{BDB6578B-0691-4E80-A46C-DF21639FD3B8}.DebugDLL|x86.Build.0 = Release|x64
		{BDB6578B-0691-4E80-A46C-DF21639FD3B8}.DebugLIB|x64.ActiveCfg = Debug|x64
		{BDB6578B-0691-4E80-A46C-DF21639FD3B8}.DebugLIB|x64.Build.0 = Debug|x64
		{BDB6578B-0691-4E80-A46C-DF21639FD3B8}.DebugLIB|x86.ActiveCfg = Release|x64
		{BDB6578B-0691-4E80-A46C-DF21639FD3B8}.DebugLIB|x86.Build.0 = Release|x64
		{BDB6578B-0691-4E80-A46C-DF21639FD3B8}.DebugLTCG|x64.ActiveCfg = Debug|x64
		{BDB6578B-0691-4E80-A46C-DF21639FD3B8}.DebugLTCG|x64.Build.0 = Debug|x64
		{BDB6578B-0691-4E80-A46C-DF21639FD3B8}.DebugLTCG|x86.ActiveCfg = Release|x64
		{BDB6578B-0691-4E80-A46C-DF21639FD3B8}.DebugLTCG|x86.Build.0 = Release|x64
		{BDB6578B-0691-4E80-A46C-DF21639FD3B8}.Release|x64.ActiveCfg = Release|x64
		{BDB6578B-0691-4E80-A46C-DF21639FD3B8}.Release|x64.Build.0 = Release|x64
		{BDB6578B-0691-4E80-A46C-DF21639FD3B8}.Release|x86.ActiveCfg = Release|x64
		{BDB6578B-0691-4E80-A46C-DF21639FD3B8}.ReleaseDLL|x64.ActiveCfg = Release|x64
		{BDB6578B-0691-4E80-A46C-DF21639FD3B8}.ReleaseDLL|x64.Build.0 = Release|x64
		{BDB6578B-0691-4E80-A46C-DF21639FD3B8}.ReleaseDLL|x86.ActiveCfg = Release|x64
		{BDB6578B-0691-4E80-A46C-DF21639FD3B8}.ReleaseDLL|x86.Build.0 = Release|x64
		{BDB6578B-0691-4E80-A46C-DF21639FD3B8}.ReleaseLIB|x64.ActiveCfg = Release|x64
		{BDB6578B-0691-4E80-A46C-DF21639FD3B8}.ReleaseLIB|x64.Build.0 = Release|x64
		{BDB6578B-0691-4E80-A46C-DF21639FD3B8}.ReleaseLIB|x86.ActiveCfg = Release|x64
		{BDB6578B-0691-4E80-A46C-DF21639FD3B8}.ReleaseLIB|x86.Build.0 = Release|x64
		{BDB6578B-0691-4E80-A46C-DF21639FD3B8}.ReleaseLTCG|x64.ActiveCfg = Release|x64
		{BDB6578B-0691-4E80-A46C-DF21639FD3B8}.ReleaseLTCG|x64.Build.0 = Release|x64
		{BDB6578B-0691-4E80-A46C-DF21639FD3B8}.ReleaseLTCG|x86.ActiveCfg = Release|x64
		{BDB6578B-0691-4E80-A46C-DF21639FD3B8}.ReleaseLTCG|x86.Build.0 = Release|x64
		{41279555-F94F-4EBC-99DE-AF863C10C5C4}.Debug|x64.ActiveCfg = Debug|x64
		{41279555-F94F-4EBC-99DE-AF863C10C5C4}.Debug|x64.Build.0 = Debug|x64
		{41279555-F94F-4EBC-99DE-AF863C10C5C4}.Debug|x86.ActiveCfg = Debug|x64
		{41279555-F94F-4EBC-99DE-AF863C10C5C4}.DebugDLL|x64.ActiveCfg = Debug|x64
		{41279555-F94F-4EBC-99DE-AF863C10C5C4}.DebugDLL|x64.Build.0 = Debug|x64
		{41279555-F94F-4EBC-99DE-AF863C10C5C4}.DebugDLL|x86.ActiveCfg = Release|x64
		{41279555-F94F-4EBC-99DE-AF863C10C5C4}.DebugDLL|x86.Build.0 = Release|x64
		{41279555-F94F-4EBC-99DE-AF863C10C5C4}.DebugLIB|x64.ActiveCfg = Debug|x64
		{41279555-F94F-4EBC-99DE-AF863C10C5C4}.DebugLIB|x64.Build.0 = Debug|x64
		{41279555-F94F-4EBC-99DE-AF863C10C5C4}.DebugLIB|x86.ActiveCfg = Release|x64
		{41279555-F94F-4EBC-99DE-AF863C10C5C4}.DebugLIB|x86.Build.0 = Release|x64
		{41279555-F94F-4EBC-99DE-AF863C10C5C4}.DebugLTCG|x64.ActiveCfg = Debug|x64
		{41279555-F94F-4EBC-99DE-AF863C10C5C4}.DebugLTCG|x64.Build.0 = Debug|x64
		{41279555-F94F-4EBC-99DE-AF863C10C5C4}.DebugLTCG|x86.ActiveCfg = Release|x64
		{41279555-F94F-4EBC-99DE-AF863C10C5C4}.DebugLTCG|x86.Build.0 = Release|x64
		{41279555-F94F-4EBC-99DE-AF863C10C5C4}.Release|x64.ActiveCfg = Release|x64
		{41279555-F94F-4EBC-99DE-AF863C10C5C4}.Release|x64.Build.0 = Release|x64
		{41279555-F94F-4EBC-99DE-AF863C10C5C4}.Release|x86.ActiveCfg = Release|x64
		{41279555-F94F-4EBC-99DE-AF863C10C5C4}.ReleaseDLL|x64.ActiveCfg = Release|x64
		{41279555-F94F-4EBC-99DE-AF863C10C5C4}.ReleaseDLL|x64.Build.0 = Release|x64
		{41279555-F94F-4EBC-99DE-AF863C10C5C4}.ReleaseDLL|x86.ActiveCfg = Release|x64
		{41279555-F94F-4EBC-99DE-AF863C10C5C4}.ReleaseDLL|x86.Build.0 = Release|x64
		{41279555-F94F-4EBC-99DE-AF863C10C5C4}.ReleaseLIB|x64.ActiveCfg = Release|x64
		{41279555-F94F-4EBC-99DE-AF863C10C5C4}.ReleaseLIB|x64.Build.0 = Release|x64
		{41279555-F94F-4EBC-99DE-AF863C10C5C4}.ReleaseLIB|x86.ActiveCfg = Release|x64
		{41279555-F94F-4EBC-99DE-AF863C10C5C4}.ReleaseLIB|x86.Build.0 = Release|x64
		{41279555-F94F-4EBC-99DE-AF863C10C5C4}.ReleaseLTCG|x64.ActiveCfg = Release|x64
		{41279555-F94F-4EBC-99DE-AF863C10C5C4}.ReleaseLTCG|x64.Build.0 = Release|x64
		{41279555-F94F-4EBC-99DE-AF863C10C5C4}.ReleaseLTCG|x86.ActiveCfg = Release|x64
		{41279555-F94F-4EBC-99DE-AF863C10C5C4}.ReleaseLTCG|x86.Build.0 = Release|x64
		{93D73454-2512-424E-9CDA-4BB357FE13DD}.Debug|x64.ActiveCfg = Debug|x64
		{93D73454-2512-424E-9CDA-4BB357FE13DD}.Debug|x64.Build.0 = Debug|x64
		{93D73454-2512-424E-9CDA-4BB357FE13DD}.Debug|x86.ActiveCfg = Debug|x64
		{93D73454-2512-424E-9CDA-4BB357FE13DD}.DebugDLL|x64.ActiveCfg = Debug|x64
		{93D73454-2512-424E-9CDA-4BB357FE13DD}.DebugDLL|x64.Build.0 = Debug|x64
		{93D73454-2512-424E-9CDA-4BB357FE13DD}.DebugDLL|x86.ActiveCfg = Release|x64
		{93D73454-2512-424E-9CDA-4BB357FE13DD}.DebugDLL|x86.Build.0 = Release|x64
		{93D73454-2512-424E-9CDA-4BB357FE13DD}.DebugLIB|x64.ActiveCfg = Debug|x64
		{93D73454-2512-424E-9CDA-4BB357FE13DD}.DebugLIB|x64.Build.0 = Debug|x64
		{93D73454-2512-424E-9CDA-4BB357FE13DD}.DebugLIB|x86.ActiveCfg = Release|x64
		{93D73454-2512-424E-9CDA-4BB357FE13DD}.DebugLIB|x86.Build.0 = Release|x64
		{93D73454-2512-424E-9CDA-4BB357FE13DD}.DebugLTCG|x64.ActiveCfg = Debug|x64
		{93D73454-2512-424E-9CDA-4BB357FE13DD}.DebugLTCG|x64.Build.0 = Debug|x64
		{93D73454-2512-424E-9CDA-4BB357FE13DD}.DebugLTCG|x86.ActiveCfg = Release|x64
		{93D73454-2512-424E-9CDA-4BB357FE13DD}.DebugLTCG|x86.Build.0 = Release|x64
		{93D73454-2512-424E-9CDA-4BB357FE13DD}.Release|x64.ActiveCfg = Release|x64
		{93D73454-2512-424E-9CDA-4BB357FE13DD}.Release|x64.Build.0 = Release|x64
		{93D73454-2512-424E-9CDA-4BB357FE13DD}.Release|x86.ActiveCfg = Release|x64
		{93D73454-2512-424E-9CDA-4BB357FE13DD}.ReleaseDLL|x64.ActiveCfg = Release|x64
		{93D73454-2512-424E-9CDA-4BB357FE13DD}.ReleaseDLL|x64.Build.0 = Release|x64
		{93D73454-2512-424E-9CDA-4BB357FE13DD}.ReleaseDLL|x86.ActiveCfg = Release|x64
		{93D73454-2512-424E-9CDA-4BB357FE13DD}.ReleaseDLL|x86.Build.0 = Release|x64
		{93D73454-2512-424E-9CDA-4BB357FE13DD}.ReleaseLIB|x64.ActiveCfg = Release|x64
		{93D73454-2512-424E-9CDA-4BB357FE13DD}.ReleaseLIB|x64.Build.0 = Release|x64
		{93D73454-2512-424E-9CDA-4BB357FE13DD}.ReleaseLIB|x86.ActiveCfg = Release|x64
		{93D73454-2512-424E-9CDA-4BB357FE13DD}.ReleaseLIB|x86.Build.0 = Release|x64
		{93D73454-2512-424E-9CDA-4BB357FE13DD}.ReleaseLTCG|x64.ActiveCfg = Release|x64
		{93D73454-2512-424E-9CDA-4BB357FE13DD}.ReleaseLTCG|x64.Build.0 = Release|x64
		{93D73454-2512-424E-9CDA-4BB357FE13DD}.ReleaseLTCG|x86.ActiveCfg = Release|x64
		{93D73454-2512-424E-9CDA-4BB357FE13DD}.ReleaseLTCG|x86.Build.0 = Release|x64
		{349EE8F9-7D25-4909-AAF5-FF3FADE72187}.Debug|x64.ActiveCfg = Debug|x64
		{349EE8F9-7D25-4909-AAF5-FF3FADE72187}.Debug|x64.Build.0 = Debug|x64
		{349EE8F9-7D25-4909-AAF5-FF3FADE72187}.Debug|x86.ActiveCfg = Debug|x64
		{349EE8F9-7D25-4909-AAF5-FF3FADE72187}.DebugDLL|x64.ActiveCfg = Debug|x64
		{349EE8F9-7D25-4909-AAF5-FF3FADE72187}.DebugDLL|x64.Build.0 = Debug|x64
		{349EE8F9-7D25-4909-AAF5-FF3FADE72187}.DebugDLL|x86.ActiveCfg = Release|x64
		{349EE8F9-7D25-4909-AAF5-FF3FADE72187}.DebugDLL|x86.Build.0 = Release|x64
		{349EE8F9-7D25-4909-AAF5-FF3FADE72187}.DebugLIB|x64.ActiveCfg = Debug|x64
		{349EE8F9-7D25-4909-AAF5-FF3FADE72187}.DebugLIB|x64.Build.0 = Debug|x64
		{349EE8F9-7D25-4909-AAF5-FF3FADE72187}.DebugLIB|x86.ActiveCfg = Release|x64
		{349EE8F9-7D25-4909-AAF5-FF3FADE72187}.DebugLIB|x86.Build.0 = Release|x64
		{349EE8F9-7D25-4909-AAF5-FF3FADE72187}.DebugLTCG|x64.ActiveCfg = Debug|x64
		{349EE8F9-7D25-4909-AAF5-FF3FADE72187}.DebugLTCG|x64.Build.0 = Debug|x64
		{349EE8F9-7D25-4909-AAF5-FF3FADE72187}.DebugLTCG|x86.ActiveCfg = Release|x64
		{349EE8F9-7D25-4909-AAF5-FF3FADE72187}.DebugLTCG|x86.Build.0 = Release|x64
		{349EE8F9-7D25-4909-AAF5-FF3FADE72187}.Release|x64.ActiveCfg = Release|x64
		{349EE8F9-7D25-4909-AAF5-FF3FADE72187}.Release|x64.Build.0 = Release|x64
		{349EE8F9-7D25-4909-AAF5-FF3FADE72187}.Release|x86.ActiveCfg = Release|x64
		{349EE8F9-7D25-4909-AAF5-FF3FADE72187}.ReleaseDLL|x64.ActiveCfg = Release|x64
		{349EE8F9-7D25-4909-AAF5-FF3FADE72187}.ReleaseDLL|x64.Build.0 = Release|x64
		{349EE8F9-7D25-4909-AAF5-FF3FADE72187}.ReleaseDLL|x86.ActiveCfg = Release|x64
		{349EE8F9-7D25-4909-AAF5-FF3FADE72187}.ReleaseDLL|x86.Build.0 = Release|x64
		{349EE8F9-7D25-4909-AAF5-FF3FADE72187}.ReleaseLIB|x64.ActiveCfg = Release|x64
		{349EE8F9-7D25-4909-AAF5-FF3FADE72187}.ReleaseLIB|x64.Build.0 = Release|x64
		{349EE8F9-7D25-4909-AAF5-FF3FADE72187}.ReleaseLIB|x86.ActiveCfg = Release|x64
		{349EE8F9-7D25-4909-AAF5-FF3FADE72187}.ReleaseLIB|x86.Build.0 = Release|x64
		{349EE8F9-7D25-4909-AAF5-FF3FADE72187}.ReleaseLTCG|x64.ActiveCfg = Release|x64
		{349EE8F9-7D25-4909-AAF5-FF3FADE72187}.ReleaseLTCG|x64.Build.0 = Release|x64
		{349EE8F9-7D25-4909-AAF5-FF3FADE72187}.ReleaseLTCG|x86.ActiveCfg = Release|x64
		{349EE8F9-7D25-4909-AAF5-FF3FADE72187}.ReleaseLTCG|x86.Build.0 = Release|x64
		{0A18A071-125E-442F-AFF7-A3F68ABECF99}.Debug|x64.ActiveCfg = Debug|x64
		{0A18A071-125E-442F-AFF7-A3F68ABECF99}.Debug|x64.Build.0 = Debug|x64
		{0A18A071-125E-442F-AFF7-A3F68ABECF99}.Debug|x86.ActiveCfg = Debug|x64
		{0A18A071-125E-442F-AFF7-A3F68ABECF99}.DebugDLL|x64.ActiveCfg = Debug|x64
		{0A18A071-125E-442F-AFF7-A3F68ABECF99}.DebugDLL|x64.Build.0 = Debug|x64
		{0A18A071-125E-442F-AFF7-A3F68ABECF99}.DebugDLL|x86.ActiveCfg = Release|x64
		{0A18A071-125E-442F-AFF7-A3F68ABECF99}.DebugDLL|x86.Build.0 = Release|x64
		{0A18A071-125E-442F-AFF7-A3F68ABECF99}.DebugLIB|x64.ActiveCfg = Debug|x64
		{0A18A071-125E-442F-AFF7-A3F68ABECF99}.DebugLIB|x64.Build.0 = Debug|x64
		{0A18A071-125E-442F-AFF7-A3F68ABECF99}.DebugLIB|x86.ActiveCfg = Release|x64
		{0A18A071-125E-442F-AFF7-A3F68ABECF99}.DebugLIB|x86.Build.0 = Release|x64
		{0A18A071-125E-442F-AFF7-A3F68ABECF99}.DebugLTCG|x64.ActiveCfg = Debug|x64
		{0A18A071-125E-442F-AFF7-A3F68ABECF99}.DebugLTCG|x64.Build.0 = Debug|x64
		{0A18A071-125E-442F-AFF7-A3F68ABECF99}.DebugLTCG|x86.ActiveCfg = Release|x64
		{0A18A071-125E-442F-AFF7-A3F68ABECF99}.DebugLTCG|x86.Build.0 = Release|x64
		{0A18A071-125E-442F-AFF7-A3F68ABECF99}.Release|x64.ActiveCfg = Release|x64
		{0A18A071-125E-442F-AFF7-A3F68ABECF99}.Release|x64.Build.0 = Release|x64
		{0A18A071-125E-442F-AFF7-A3F68ABECF99}.Release|x86.ActiveCfg = Release|x64
		{0A18A071-125E-442F-AFF7-A3F68ABECF99}.ReleaseDLL|x64.ActiveCfg = Release|x64
		{0A18A071-125E-442F-AFF7-A3F68ABECF99}.ReleaseDLL|x64.Build.0 = Release|x64
		{0A18A071-125E-442F-AFF7-A3F68ABECF99}.ReleaseDLL|x86.ActiveCfg = Release|x64
		{0A18A071-125E-442F-AFF7-A3F68ABECF99}.ReleaseDLL|x86.Build.0 = Release|x64
		{0A18A071-125E-442F-AFF7-A3F68ABECF99}.ReleaseLIB|x64.ActiveCfg = Release|x64
		{0A18A071-125E-442F-AFF7-A3F68ABECF99}.ReleaseLIB|x64.Build.0 = Release|x64
		{0A18A071-125E-442F-AFF7-A3F68ABECF99}.ReleaseLIB|x86.ActiveCfg = Release|x64
		{0A18A071-125E-442F-AFF7-A3F68ABECF99}.ReleaseLIB|x86.Build.0 = Release|x64
		{0A18A071-125E-442F-AFF7-A3F68ABECF99}.ReleaseLTCG|x64.ActiveCfg = Release|x64
		{0A18A071-125E-442F-AFF7-A3F68ABECF99}.ReleaseLTCG|x64.Build.0 = Release|x64
		{0A18A071-125E-442F-AFF7-A3F68ABECF99}.ReleaseLTCG|x86.ActiveCfg = Release|x64
		{0A18A071-125E-442F-AFF7-A3F68ABECF99}.ReleaseLTCG|x86.Build.0 = Release|x64
		{1970D175-3DE8-4738-942A-4D98D1CDBF64}.Debug|x64.ActiveCfg = Debug|x64
		{1970D175-3DE8-4738-942A-4D98D1CDBF64}.Debug|x64.Build.0 = Debug|x64
		{1970D175-3DE8-4738-942A-4D98D1CDBF64}.Debug|x86.ActiveCfg = Debug|x64
		{1970D175-3DE8-4738-942A-4D98D1CDBF64}.DebugDLL|x64.ActiveCfg = Debug|x64
		{1970D175-3DE8-4738-942A-4D98D1CDBF64}.DebugDLL|x64.Build.0 = Debug|x64
		{1970D175-3DE8-4738-942A-4D98D1CDBF64}.DebugDLL|x86.ActiveCfg = Release|x64
		{1970D175-3DE8-4738-942A-4D98D1CDBF64}.DebugDLL|x86.Build.0 = Release|x64
		{1970D175-3DE8-4738-942A-4D98D1CDBF64}.DebugLIB|x64.ActiveCfg = Debug|x64
		{1970D175-3DE8-4738-942A-4D98D1CDBF64}.DebugLIB|x64.Build.0 = Debug|x64
		{1970D175-3DE8-4738-942A-4D98D1CDBF64}.DebugLIB|x86.ActiveCfg = Release|x64
		{1970D175-3DE8-4738-942A-4D98D1CDBF64}.DebugLIB|x86.Build.0 = Release|x64
		{1970D175-3DE8-4738-942A-4D98D1CDBF64}.DebugLTCG|x64.ActiveCfg = Debug|x64
		{1970D175-3DE8-4738-942A-4D98D1CDBF64}.DebugLTCG|x64.Build.0 = Debug|x64
		{1970D175-3DE8-4738-942A-4D98D1CDBF64}.DebugLTCG|x86.ActiveCfg = Release|x64
		{1970D175-3DE8-4738-942A-4D98D1CDBF64}.DebugLTCG|x86.Build.0 = Release|x64
		{1970D175-3DE8-4738-942A-4D98D1CDBF64}.Release|x64.ActiveCfg = Release|x64
		{1970D175-3DE8-4738-942A-4D98D1CDBF64}.Release|x64.Build.0 = Release|x64
		{1970D175-3DE8-4738-942A-4D98D1CDBF64}.Release|x86.ActiveCfg = Release|x64
		{1970D175-3DE8-4738-942A-4D98D1CDBF64}.ReleaseDLL|x64.ActiveCfg = Release|x64
		{1970D175-3DE8-4738-942A-4D98D1CDBF64}.ReleaseDLL|x64.Build.0 = Release|x64
		{1970D175-3DE8-4738-942A-4D98D1CDBF64}.ReleaseDLL|x86.ActiveCfg = Release|x64
		{1970D175-3DE8-4738-942A-4D98D1CDBF64}.ReleaseDLL|x86.Build.0 = Release|x64
		{1970D175-3DE8-4738-942A-4D98D1CDBF64}.ReleaseLIB|x64.ActiveCfg = Release|x64
		{1970D175-3DE8-4738-942A-4D98D1CDBF64}.ReleaseLIB|x64.Build.0 = Release|x64
		{1970D175-3DE8-4738-942A-4D98D1CDBF64}.ReleaseLIB|x86.ActiveCfg = Release|x64
		{1970D175-3DE8-4738-942A-4D98D1CDBF64}.ReleaseLIB|x86.Build.0 = Release|x64
		{1970D175-3DE8-4738-942A-4D98D1CDBF64}.ReleaseLTCG|x64.ActiveCfg = Release|x64
		{1970D175-3DE8-4738-942A-4D98D1CDBF64}.ReleaseLTCG|x64.Build.0 = Release|x64
		{1970D175-3DE8-4738-942A-4D98D1CDBF64}.ReleaseLTCG|x86.ActiveCfg = Release|x64
		{1970D175-3DE8-4738-942A-4D98D1CDBF64}.ReleaseLTCG|x86.Build.0 = Release|x64
		{96020103-4BA5-4FD2-B4AA-5B6D24492D4E}.Debug|x64.ActiveCfg = Debug|x64
		{96020103-4BA5-4FD2-B4AA-5B6D24492D4E}.Debug|x64.Build.0 = Debug|x64
		{96020103-4BA5-4FD2-B4AA-5B6D24492D4E}.Debug|x86.ActiveCfg = Debug|x64
		{96020103-4BA5-4FD2-B4AA-5B6D24492D4E}.DebugDLL|x64.ActiveCfg = Debug|x64
		{96020103-4BA5-4FD2-B4AA-5B6D24492D4E}.DebugDLL|x64.Build.0 = Debug|x64
		{96020103-4BA5-4FD2-B4AA-5B6D24492D4E}.DebugDLL|x86.ActiveCfg = Release|x64
		{96020103-4BA5-4FD2-B4AA-5B6D24492D4E}.DebugDLL|x86.Build.0 = Release|x64
		{96020103-4BA5-4FD2-B4AA-5B6D24492D4E}.DebugLIB|x64.ActiveCfg = Debug|x64
		{96020103-4BA5-4FD2-B4AA-5B6D24492D4E}.DebugLIB|x64.Build.0 = Debug|x64
		{96020103-4BA5-4FD2-B4AA-5B6D24492D4E}.DebugLIB|x86.ActiveCfg = Release|x64
		{96020103-4BA5-4FD2-B4AA-5B6D24492D4E}.DebugLIB|x86.Build.0 = Release|x64
		{96020103-4BA5-4FD2-B4AA-5B6D24492D4E}.DebugLTCG|x64.ActiveCfg = Debug|x64
		{96020103-4BA5-4FD2-B4AA-5B6D24492D4E}.DebugLTCG|x64.Build.0 = Debug|x64
		{96020103-4BA5-4FD2-B4AA-5B6D24492D4E}.DebugLTCG|x86.ActiveCfg = Release|x64
		{96020103-4BA5-4FD2-B4AA-5B6D24492D4E}.DebugLTCG|x86.Build.0 = Release|x64
		{96020103-4BA5-4FD2-B4AA-5B6D24492D4E}.Release|x64.ActiveCfg = Release|x64
		{96020103-4BA5-4FD2-B4AA-5B6D24492D4E}.Release|x64.Build.0 = Release|x64
		{96020103-4BA5-4FD2-B4AA-5B6D24492D4E}.Release|x86.ActiveCfg = Release|x64
		{96020103-4BA5-4FD2-B4AA-5B6D24492D4E}.ReleaseDLL|x64.ActiveCfg = Release|x64
		{96020103-4BA5-4FD2-B4AA-5B6D24492D4E}.ReleaseDLL|x64.Build.0 = Release|x64
		{96020103-4BA5-4FD2-B4AA-5B6D24492D4E}.ReleaseDLL|x86.ActiveCfg = Release|x64
		{96020103-4BA5-4FD2-B4AA-5B6D24492D4E}.ReleaseDLL|x86.Build.0 = Release|x64
		{96020103-4BA5-4FD2-B4AA-5B6D24492D4E}.ReleaseLIB|x64.ActiveCfg = Release|x64
		{96020103-4BA5-4FD2-B4AA-5B6D24492D4E}.ReleaseLIB|x64.Build.0 = Release|x64
		{96020103-4BA5-4FD2-B4AA-5B6D24492D4E}.ReleaseLIB|x86.ActiveCfg = Release|x64
		{96020103-4BA5-4FD2-B4AA-5B6D24492D4E}.ReleaseLIB|x86.Build.0 = Release|x64
		{96020103-4BA5-4FD2-B4AA-5B6D24492D4E}.ReleaseLTCG|x64.ActiveCfg = Release|x64
		{96020103-4BA5-4FD2-B4AA-5B6D24492D4E}.ReleaseLTCG|x64.Build.0 = Release|x64
		{96020103-4BA5-4FD2-B4AA-5B6D24492D4E}.ReleaseLTCG|x86.ActiveCfg = Release|x64
		{96020103-4BA5-4FD2-B4AA-5B6D24492D4E}.ReleaseLTCG|x86.Build.0 = Release|x64
		{EC1A314C-5588-4506-9C1E-2E58E5817F75}.Debug|x64.ActiveCfg = Debug|x64
		{EC1A314C-5588-4506-9C1E-2E58E5817F75}.Debug|x64.Build.0 = Debug|x64
		{EC1A314C-5588-4506-9C1E-2E58E5817F75}.Debug|x86.ActiveCfg = Debug|x64
		{EC1A314C-5588-4506-9C1E-2E58E5817F75}.DebugDLL|x64.ActiveCfg = Debug|x64
		{EC1A314C-5588-4506-9C1E-2E58E5817F75}.DebugDLL|x64.Build.0 = Debug|x64
		{EC1A314C-5588-4506-9C1E-2E58E5817F75}.DebugDLL|x86.ActiveCfg = Release|x64
		{EC1A314C-5588-4506-9C1E-2E58E5817F75}.DebugDLL|x86.Build.0 = Release|x64
		{EC1A314C-5588-4506-9C1E-2E58E5817F75}.DebugLIB|x64.ActiveCfg = Debug|x64
		{EC1A314C-5588-4506-9C1E-2E58E5817F75}.DebugLIB|x64.Build.0 = Debug|x64
		{EC1A314C-5588-4506-9C1E-2E58E5817F75}.DebugLIB|x86.ActiveCfg = Release|x64
		{EC1A314C-5588-4506-9C1E-2E58E5817F75}.DebugLIB|x86.Build.0 = Release|x64
		{EC1A314C-5588-4506-9C1E-2E58E5817F75}.DebugLTCG|x64.ActiveCfg = Debug|x64
		{EC1A314C-5588-4506-9C1E-2E58E5817F75}.DebugLTCG|x64.Build.0 = Debug|x64
		{EC1A314C-5588-4506-9C1E-2E58E5817F75}.DebugLTCG|x86.ActiveCfg = Release|x64
		{EC1A314C-5588-4506-9C1E-2E58E5817F75}.DebugLTCG|x86.Build.0 = Release|x64
		{EC1A314C-5588-4506-9C1E-2E58E5817F75}.Release|x64.ActiveCfg = Release|x64
		{EC1A314C-5588-4506-9C1E-2E58E5817F75}.Release|x64.Build.0 = Release|x64
		{EC1A314C-5588-4506-9C1E-2E58E5817F75}.Release|x86.ActiveCfg = Release|x64
		{EC1A314C-5588-4506-9C1E-2E58E5817F75}.ReleaseDLL|x64.ActiveCfg = Release|x64
		{EC1A314C-5588-4506-9C1E-2E58E5817F75}.ReleaseDLL|x64.Build.0 = Release|x64
		{EC1A314C-5588-4506-9C1E-2E58E5817F75}.ReleaseDLL|x86.ActiveCfg = Release|x64
		{EC1A314C-5588-4506-9C1E-2E58E5817F75}.ReleaseDLL|x86.Build.0 = Release|x64
		{EC1A314C-5588-4506-9C1E-2E58E5817F75}.ReleaseLIB|x64.ActiveCfg = Release|x64
		{EC1A314C-5588-4506-9C1E-2E58E5817F75}.ReleaseLIB|x64.Build.0 = Release|x64
		{EC1A314C-5588-4506-9C1E-2E58E5817F75}.ReleaseLIB|x86.ActiveCfg = Release|x64
		{EC1A314C-5588-4506-9C1E-2E58E5817F75}.ReleaseLIB|x86.Build.0 = Release|x64
		{EC1A314C-5588-4506-9C1E-2E58E5817F75}.ReleaseLTCG|x64.ActiveCfg = Release|x64
		{EC1A314C-5588-4506-9C1E-2E58E5817F75}.ReleaseLTCG|x64.Build.0 = Release|x64
		{EC1A314C-5588-4506-9C1E-2E58E5817F75}.ReleaseLTCG|x86.ActiveCfg = Release|x64
		{EC1A314C-5588-4506-9C1E-2E58E5817F75}.ReleaseLTCG|x86.Build.0 = Release|x64
		{A4C423AA-F57C-46C7-A172-D1A777017D29}.Debug|x64.ActiveCfg = Debug|x64
		{A4C423AA-F57C-46C7-A172-D1A777017D29}.Debug|x64.Build.0 = Debug|x64
		{A4C423AA-F57C-46C7-A172-D1A777017D29}.Debug|x86.ActiveCfg = Debug|x64
		{A4C423AA-F57C-46C7-A172-D1A777017D29}.DebugDLL|x64.ActiveCfg = Debug|x64
		{A4C423AA-F57C-46C7-A172-D1A777017D29}.DebugDLL|x64.Build.0 = Debug|x64
		{A4C423AA-F57C-46C7-A172-D1A777017D29}.DebugDLL|x86.ActiveCfg = Release|x64
		{A4C423AA-F57C-46C7-A172-D1A777017D29}.DebugDLL|x86.Build.0 = Release|x64
		{A4C423AA-F57C-46C7-A172-D1A777017D29}.DebugLIB|x64.ActiveCfg = Debug|x64
		{A4C423AA-F57C-46C7-A172-D1A777017D29}.DebugLIB|x64.Build.0 = Debug|x64
		{A4C423AA-F57C-46C7-A172-D1A777017D29}.DebugLIB|x86.ActiveCfg = Release|x64
		{A4C423AA-F57C-46C7-A172-D1A777017D29}.DebugLIB|x86.Build.0 = Release|x64
		{A4C423AA-F57C-46C7-A172-D1A777017D29}.DebugLTCG|x64.ActiveCfg = Debug|x64
		{A4C423AA-F57C-46C7-A172-D1A777017D29}.DebugLTCG|x64.Build.0 = Debug|x64
		{A4C423AA-F57C-46C7-A172-D1A777017D29}.DebugLTCG|x86.ActiveCfg = Release|x64
		{A4C423AA-F57C-46C7-A172-D1A777017D29}.DebugLTCG|x86.Build.0 = Release|x64
		{A4C423AA-F57C-46C7-A172-D1A777017D29}.Release|x64.ActiveCfg = Release|x64
		{A4C423AA-F57C-46C7-A172-D1A777017D29}.Release|x64.Build.0 = Release|x64
		{A4C423AA-F57C-46C7-A172-D1A777017D29}.Release|x86.ActiveCfg = Release|x64
		{A4C423AA-F57C-46C7-A172-D1A777017D29}.ReleaseDLL|x64.ActiveCfg = Release|x64
		{A4C423AA-F57C-46C7-A172-D1A777017D29}.ReleaseDLL|x64.Build.0 = Release|x64
		{A4C423AA-F57C-46C7-A172-D1A777017D29}.ReleaseDLL|x86.ActiveCfg = Release|x64
		{A4C423AA-F57C-46C7-A172-D1A777017D29}.ReleaseDLL|x86.Build.0 = Release|x64
		{A4C423AA-F57C-46C7-A172-D1A777017D29}.ReleaseLIB|x64.ActiveCfg = Release|x64
		{A4C423AA-F57C-46C7-A172-D1A777017D29}.ReleaseLIB|x64.Build.0 = Release|x64
		{A4C423AA-F57C-46C7-A172-D1A777017D29}.ReleaseLIB|x86.ActiveCfg = Release|x64
		{A4C423AA-F57C-46C7-A172-D1A777017D29}.ReleaseLIB|x86.Build.0 = Release|x64
		{A4C423AA-F57C-46C7-A172-D1A777017D29}.ReleaseLTCG|x64.ActiveCfg = Release|x64
		{A4C423AA-F57C-46C7-A172-D1A777017D29}.ReleaseLTCG|x64.Build.0 = Release|x64
		{A4C423AA-F57C-46C7-A172-D1A777017D29}.ReleaseLTCG|x86.ActiveCfg = Release|x64
		{A4C423AA-F57C-46C7-A172-D1A777017D29}.ReleaseLTCG|x86.Build.0 = Release|x64
		{53A5391B-737E-49A8-BC8F-312ADA00736F}.Debug|x64.ActiveCfg = Debug|x64
		{53A5391B-737E-49A8-BC8F-312ADA00736F}.Debug|x64.Build.0 = Debug|x64
		{53A5391B-737E-49A8-BC8F-312ADA00736F}.Debug|x86.ActiveCfg = Debug|x64
		{53A5391B-737E-49A8-BC8F-312ADA00736F}.DebugDLL|x64.ActiveCfg = Debug|x64
		{53A5391B-737E-49A8-BC8F-312ADA00736F}.DebugDLL|x64.Build.0 = Debug|x64
		{53A5391B-737E-49A8-BC8F-312ADA00736F}.DebugDLL|x86.ActiveCfg = Release|x64
		{53A5391B-737E-49A8-BC8F-312ADA00736F}.DebugDLL|x86.Build.0 = Release|x64
		{53A5391B-737E-49A8-BC8F-312ADA00736F}.DebugLIB|x64.ActiveCfg = Debug|x64
		{53A5391B-737E-49A8-BC8F-312ADA00736F}.DebugLIB|x64.Build.0 = Debug|x64
		{53A5391B-737E-49A8-BC8F-312ADA00736F}.DebugLIB|x86.ActiveCfg = Release|x64
		{53A5391B-737E-49A8-BC8F-312ADA00736F}.DebugLIB|x86.Build.0 = Release|x64
		{53A5391B-737E-49A8-BC8F-312ADA00736F}.DebugLTCG|x64.ActiveCfg = Debug|x64
		{53A5391B-737E-49A8-BC8F-312ADA00736F}.DebugLTCG|x64.Build.0 = Debug|x64
		{53A5391B-737E-49A8-BC8F-312ADA00736F}.DebugLTCG|x86.ActiveCfg = Release|x64
		{53A5391B-737E-49A8-BC8F-312ADA00736F}.DebugLTCG|x86.Build.0 = Release|x64
		{53A5391B-737E-49A8-BC8F-312ADA00736F}.Release|x64.ActiveCfg = Release|x64
		{53A5391B-737E-49A8-BC8F-312ADA00736F}.Release|x64.Build.0 = Release|x64
		{53A5391B-737E-49A8-BC8F-312ADA00736F}.Release|x86.ActiveCfg = Release|x64
		{53A5391B-737E-49A8-BC8F-312ADA00736F}.ReleaseDLL|x64.ActiveCfg = Release|x64
		{53A5391B-737E-49A8-BC8F-312ADA00736F}.ReleaseDLL|x64.Build.0 = Release|x64
		{53A5391B-737E-49A8-BC8F-312ADA00736F}.ReleaseDLL|x86.ActiveCfg = Release|x64
		{53A5391B-737E-49A8-BC8F-312ADA00736F}.ReleaseDLL|x86.Build.0 = Release|x64
		{53A5391B-737E-49A8-BC8F-312ADA00736F}.ReleaseLIB|x64.ActiveCfg = Release|x64
		{53A5391B-737E-49A8-BC8F-312ADA00736F}.ReleaseLIB|x64.Build.0 = Release|x64
		{53A5391B-737E-49A8-BC8F-312ADA00736F}.ReleaseLIB|x86.ActiveCfg = Release|x64
		{53A5391B-737E-49A8-BC8F-312ADA00736F}.ReleaseLIB|x86.Build.0 = Release|x64
		{53A5391B-737E-49A8-BC8F-312ADA00736F}.ReleaseLTCG|x64.ActiveCfg = Release|x64
		{53A5391B-737E-49A8-BC8F-312ADA00736F}.ReleaseLTCG|x64.Build.0 = Release|x64
		{53A5391B-737E-49A8-BC8F-312ADA00736F}.ReleaseLTCG|x86.ActiveCfg = Release|x64
		{53A5391B-737E-49A8-BC8F-312ADA00736F}.ReleaseLTCG|x86.Build.0 = Release|x64
		{29F29A19-F141-45AD-9679-5A2923B49DA3}.Debug|x64.ActiveCfg = Debug|x64
		{29F29A19-F141-45AD-9679-5A2923B49DA3}.Debug|x64.Build.0 = Debug|x64
		{29F29A19-F141-45AD-9679-5A2923B49DA3}.Debug|x86.ActiveCfg = Debug|x64
		{29F29A19-F141-45AD-9679-5A2923B49DA3}.DebugDLL|x64.ActiveCfg = Debug|x64
		{29F29A19-F141-45AD-9679-5A2923B49DA3}.DebugDLL|x64.Build.0 = Debug|x64
		{29F29A19-F141-45AD-9679-5A2923B49DA3}.DebugDLL|x86.ActiveCfg = Release|x64
		{29F29A19-F141-45AD-9679-5A2923B49DA3}.DebugDLL|x86.Build.0 = Release|x64
		{29F29A19-F141-45AD-9679-5A2923B49DA3}.DebugLIB|x64.ActiveCfg = Debug|x64
		{29F29A19-F141-45AD-9679-5A2923B49DA3}.DebugLIB|x64.Build.0 = Debug|x64
		{29F29A19-F141-45AD-9679-5A2923B49DA3}.DebugLIB|x86.ActiveCfg = Release|x64
		{29F29A19-F141-45AD-9679-5A2923B49DA3}.DebugLIB|x86.Build.0 = Release|x64
		{29F29A19-F141-45AD-9679-5A2923B49DA3}.DebugLTCG|x64.ActiveCfg = Debug|x64
		{29F29A19-F141-45AD-9679-5A2923B49DA3}.DebugLTCG|x64.Build.0 = Debug|x64
		{29F29A19-F141-45AD-9679-5A2923B49DA3}.DebugLTCG|x86.ActiveCfg = Release|x64
		{29F29A19-F141-45AD-9679-5A2923B49DA3}.DebugLTCG|x86.Build.0 = Release|x64
		{29F29A19-F141-45AD-9679-5A2923B49DA3}.Release|x64.ActiveCfg = Release|x64
		{29F29A19-F141-45AD-9679-5A2923B49DA3}.Release|x64.Build.0 = Release|x64
		{29F29A19-F141-45AD-9679-5A2923B49DA3}.Release|x86.ActiveCfg = Release|x64
		{29F29A19-F141-45AD-9679-5A2923B49DA3}.ReleaseDLL|x64.ActiveCfg = Release|x64
		{29F29A19-F141-45AD-9679-5A2923B49DA3}.ReleaseDLL|x64.Build.0 = Release|x64
		{29F29A19-F141-45AD-9679-5A2923B49DA3}.ReleaseDLL|x86.ActiveCfg = Release|x64
		{29F29A19-F141-45AD-9679-5A2923B49DA3}.ReleaseDLL|x86.Build.0 = Release|x64
		{29F29A19-F141-45AD-9679-5A2923B49DA3}.ReleaseLIB|x64.ActiveCfg = Release|x64
		{29F29A19-F141-45AD-9679-5A2923B49DA3}.ReleaseLIB|x64.Build.0 = Release|x64
		{29F29A19-F141-45AD-9679-5A2923B49DA3}.ReleaseLIB|x86.ActiveCfg = Release|x64
		{29F29A19-F141-45AD-9679-5A2923B49DA3}.ReleaseLIB|x86.Build.0 = Release|x64
		{29F29A19-F141-45AD-9679-5A2923B49DA3}.ReleaseLTCG|x64.ActiveCfg = Release|x64
		{29F29A19-F141-45AD-9679-5A2923B49DA3}.ReleaseLTCG|x64.Build.0 = Release|x64
		{29F29A19-F141-45AD-9679-5A2923B49DA3}.ReleaseLTCG|x86.ActiveCfg = Release|x64
		{29F29A19-F141-45AD-9679-5A2923B49DA3}.ReleaseLTCG|x86.Build.0 = Release|x64
		{76563A7F-1011-4EAD-B667-7BB18D09568E}.Debug|x64.ActiveCfg = Debug|x64
		{76563A7F-1011-4EAD-B667-7BB18D09568E}.Debug|x64.Build.0 = Debug|x64
		{76563A7F-1011-4EAD-B667-7BB18D09568E}.Debug|x86.ActiveCfg = Debug|x64
		{76563A7F-1011-4EAD-B667-7BB18D09568E}.DebugDLL|x64.ActiveCfg = Debug|x64
		{76563A7F-1011-4EAD-B667-7BB18D09568E}.DebugDLL|x64.Build.0 = Debug|x64
		{76563A7F-1011-4EAD-B667-7BB18D09568E}.DebugDLL|x86.ActiveCfg = Release|x64
		{76563A7F-1011-4EAD-B667-7BB18D09568E}.DebugDLL|x86.Build.0 = Release|x64
		{76563A7F-1011-4EAD-B667-7BB18D09568E}.DebugLIB|x64.ActiveCfg = Debug|x64
		{76563A7F-1011-4EAD-B667-7BB18D09568E}.DebugLIB|x64.Build.0 = Debug|x64
		{76563A7F-1011-4EAD-B667-7BB18D09568E}.DebugLIB|x86.ActiveCfg = Release|x64
		{76563A7F-1011-4EAD-B667-7BB18D09568E}.DebugLIB|x86.Build.0 = Release|x64
		{76563A7F-1011-4EAD-B667-7BB18D09568E}.DebugLTCG|x64.ActiveCfg = Debug|x64
		{76563A7F-1011-4EAD-B667-7BB18D09568E}.DebugLTCG|x64.Build.0 = Debug|x64
		{76563A7F-1011-4EAD-B667-7BB18D09568E}.DebugLTCG|x86.ActiveCfg = Release|x64
		{76563A7F-1011-4EAD-B667-7BB18D09568E}.DebugLTCG|x86.Build.0 = Release|x64
		{76563A7F-1011-4EAD-B667-7BB18D09568E}.Release|x64.ActiveCfg = Release|x64
		{76563A7F-1011-4EAD-B667-7BB18D09568E}.Release|x64.Build.0 = Release|x64
		{76563A7F-1011-4EAD-B667-7BB18D09568E}.Release|x86.ActiveCfg = Release|x64
		{76563A7F-1011-4EAD-B667-7BB18D09568E}.ReleaseDLL|x64.ActiveCfg = Release|x64
		{76563A7F-1011-4EAD-B667-7BB18D09568E}.ReleaseDLL|x64.Build.0 = Release|x64
		{76563A7F-1011-4EAD-B667-7BB18D09568E}.ReleaseDLL|x86.ActiveCfg = Release|x64
		{76563A7F-1011-4EAD-B667-7BB18D09568E}.ReleaseDLL|x86.Build.0 = Release|x64
		{76563A7F-1011-4EAD-B667-7BB18D09568E}.ReleaseLIB|x64.ActiveCfg = Release|x64
		{76563A7F-1011-4EAD-B667-7BB18D09568E}.ReleaseLIB|x64.Build.0 = Release|x64
		{76563A7F-1011-4EAD-B667-7BB18D09568E}.ReleaseLIB|x86.ActiveCfg = Release|x64
		{76563A7F-1011-4EAD-B667-7BB18D09568E}.ReleaseLIB|x86.Build.0 = Release|x64
		{76563A7F-1011-4EAD-B667-7BB18D09568E}.ReleaseLTCG|x64.ActiveCfg = Release|x64
		{76563A7F-1011-4EAD-B667-7BB18D09568E}.ReleaseLTCG|x64.Build.0 = Release|x64
		{76563A7F-1011-4EAD-B667-7BB18D09568E}.ReleaseLTCG|x86.ActiveCfg = Release|x64
		{76563A7F-1011-4EAD-B667-7BB18D09568E}.ReleaseLTCG|x86.Build.0 = Release|x64
		{474661E7-C73A-43A6-AFEE-EE1EC433D49E}.Debug|x64.ActiveCfg = Debug|x64
		{474661E7-C73A-43A6-AFEE-EE1EC433D49E}.Debug|x64.Build.0 = Debug|x64
		{474661E7-C73A-43A6-AFEE-EE1EC433D49E}.Debug|x86.ActiveCfg = Debug|x64
		{474661E7-C73A-43A6-AFEE-EE1EC433D49E}.DebugDLL|x64.ActiveCfg = Debug|x64
		{474661E7-C73A-43A6-AFEE-EE1EC433D49E}.DebugDLL|x64.Build.0 = Debug|x64
		{474661E7-C73A-43A6-AFEE-EE1EC433D49E}.DebugDLL|x86.ActiveCfg = Release|x64
		{474661E7-C73A-43A6-AFEE-EE1EC433D49E}.DebugDLL|x86.Build.0 = Release|x64
		{474661E7-C73A-43A6-AFEE-EE1EC433D49E}.DebugLIB|x64.ActiveCfg = Debug|x64
		{474661E7-C73A-43A6-AFEE-EE1EC433D49E}.DebugLIB|x64.Build.0 = Debug|x64
		{474661E7-C73A-43A6-AFEE-EE1EC433D49E}.DebugLIB|x86.ActiveCfg = Release|x64
		{474661E7-C73A-43A6-AFEE-EE1EC433D49E}.DebugLIB|x86.Build.0 = Release|x64
		{474661E7-C73A-43A6-AFEE-EE1EC433D49E}.DebugLTCG|x64.ActiveCfg = Debug|x64
		{474661E7-C73A-43A6-AFEE-EE1EC433D49E}.DebugLTCG|x64.Build.0 = Debug|x64
		{474661E7-C73A-43A6-AFEE-EE1EC433D49E}.DebugLTCG|x86.ActiveCfg = Release|x64
		{474661E7-C73A-43A6-AFEE-EE1EC433D49E}.DebugLTCG|x86.Build.0 = Release|x64
		{474661E7-C73A-43A6-AFEE-EE1EC433D49E}.Release|x64.ActiveCfg = Release|x64
		{474661E7-C73A-43A6-AFEE-EE1EC433D49E}.Release|x64.Build.0 = Release|x64
		{474661E7-C73A-43A6-AFEE-EE1EC433D49E}.Release|x86.ActiveCfg = Release|x64
		{474661E7-C73A-43A6-AFEE-EE1EC433D49E}.ReleaseDLL|x64.ActiveCfg = Release|x64
		{474661E7-C73A-43A6-AFEE-EE1EC433D49E}.ReleaseDLL|x64.Build.0 = Release|x64
		{474661E7-C73A-43A6-AFEE-EE1EC433D49E}.ReleaseDLL|x86.ActiveCfg = Release|x64
		{474661E7-C73A-43A6-AFEE-EE1EC433D49E}.ReleaseDLL|x86.Build.0 = Release|x64
		{474661E7-C73A-43A6-AFEE-EE1EC433D49E}.ReleaseLIB|x64.ActiveCfg = Release|x64
		{474661E7-C73A-43A6-AFEE-EE1EC433D49E}.ReleaseLIB|x64.Build.0 = Release|x64
		{474661E7-C73A-43A6-AFEE-EE1EC433D49E}.ReleaseLIB|x86.ActiveCfg = Release|x64
		{474661E7-C73A-43A6-AFEE-EE1EC433D49E}.ReleaseLIB|x86.Build.0 = Release|x64
		{474661E7-C73A-43A6-AFEE-EE1EC433D49E}.ReleaseLTCG|x64.ActiveCfg = Release|x64
		{474661E7-C73A-43A6-AFEE-EE1EC433D49E}.ReleaseLTCG|x64.Build.0 = Release|x64
		{474661E7-C73A-43A6-AFEE-EE1EC433D49E}.ReleaseLTCG|x86.ActiveCfg = Release|x64
		{474661E7-C73A-43A6-AFEE-EE1EC433D49E}.ReleaseLTCG|x86.Build.0 = Release|x64
		{CBC76802-C128-4B17-BF6C-23B08C313E5E}.Debug|x64.ActiveCfg = Debug|x64
		{CBC76802-C128-4B17-BF6C-23B08C313E5E}.Debug|x64.Build.0 = Debug|x64
		{CBC76802-C128-4B17-BF6C-23B08C313E5E}.Debug|x86.ActiveCfg = Debug|x64
		{CBC76802-C128-4B17-BF6C-23B08C313E5E}.DebugDLL|x64.ActiveCfg = Debug|x64
		{CBC76802-C128-4B17-BF6C-23B08C313E5E}.DebugDLL|x64.Build.0 = Debug|x64
		{CBC76802-C128-4B17-BF6C-23B08C313E5E}.DebugDLL|x86.ActiveCfg = Release|x64
		{CBC76802-C128-4B17-BF6C-23B08C313E5E}.DebugDLL|x86.Build.0 = Release|x64
		{CBC76802-C128-4B17-BF6C-23B08C313E5E}.DebugLIB|x64.ActiveCfg = Debug|x64
		{CBC76802-C128-4B17-BF6C-23B08C313E5E}.DebugLIB|x64.Build.0 = Debug|x64
		{CBC76802-C128-4B17-BF6C-23B08C313E5E}.DebugLIB|x86.ActiveCfg = Release|x64
		{CBC76802-C128-4B17-BF6C-23B08C313E5E}.DebugLIB|x86.Build.0 = Release|x64
		{CBC76802-C128-4B17-BF6C-23B08C313E5E}.DebugLTCG|x64.ActiveCfg = Debug|x64
		{CBC76802-C128-4B17-BF6C-23B08C313E5E}.DebugLTCG|x64.Build.0 = Debug|x64
		{CBC76802-C128-4B17-BF6C-23B08C313E5E}.DebugLTCG|x86.ActiveCfg = Release|x64
		{CBC76802-C128-4B17-BF6C-23B08C313E5E}.DebugLTCG|x86.Build.0 = Release|x64
		{CBC76802-C128-4B17-BF6C-23B08C313E5E}.Release|x64.ActiveCfg = Release|x64
		{CBC76802-C128-4B17-BF6C-23B08C313E5E}.Release|x64.Build.0 = Release|x64
		{CBC76802-C128-4B17-BF6C-23B08C313E5E}.Release|x86.ActiveCfg = Release|x64
		{CBC76802-C128-4B17-BF6C-23B08C313E5E}.ReleaseDLL|x64.ActiveCfg = Release|x64
		{CBC76802-C128-4B17-BF6C-23B08C313E5E}.ReleaseDLL|x64.Build.0 = Release|x64
		{CBC76802-C128-4B17-BF6C-23B08C313E5E}.ReleaseDLL|x86.ActiveCfg = Release|x64
		{CBC76802-C128-4B17-BF6C-23B08C313E5E}.ReleaseDLL|x86.Build.0 = Release|x64
		{CBC76802-C128-4B17-BF6C-23B08C313E5E}.ReleaseLIB|x64.ActiveCfg = Release|x64
		{CBC76802-C128-4B17-BF6C-23B08C313E5E}.ReleaseLIB|x64.Build.0 = Release|x64
		{CBC76802-C128-4B17-BF6C-23B08C313E5E}.ReleaseLIB|x86.ActiveCfg = Release|x64
		{CBC76802-C128-4B17-BF6C-23B08C313E5E}.ReleaseLIB|x86.Build.0 = Release|x64
		{CBC76802-C128-4B17-BF6C-23B08C313E5E}.ReleaseLTCG|x64.ActiveCfg = Release|x64
		{CBC76802-C128-4B17-BF6C-23B08C313E5E}.ReleaseLTCG|x64.Build.0 = Release|x64
		{CBC76802-C128-4B17-BF6C-23B08C313E5E}.ReleaseLTCG|x86.ActiveCfg = Release|x64
		{CBC76802-C128-4B17-BF6C-23B08C313E5E}.ReleaseLTCG|x86.Build.0 = Release|x64
		{BB00605C-125F-4A21-B33B-7BF418322DCB}.Debug|x64.ActiveCfg = Debug|x64
		{BB00605C-125F-4A21-B33B-7BF418322DCB}.Debug|x64.Build.0 = Debug|x64
		{BB00605C-125F-4A21-B33B-7BF418322DCB}.Debug|x86.ActiveCfg = Debug|x64
		{BB00605C-125F-4A21-B33B-7BF418322DCB}.DebugDLL|x64.ActiveCfg = Debug|x64
		{BB00605C-125F-4A21-B33B-7BF418322DCB}.DebugDLL|x64.Build.0 = Debug|x64
		{BB00605C-125F-4A21-B33B-7BF418322DCB}.DebugDLL|x86.ActiveCfg = Release|x64
		{BB00605C-125F-4A21-B33B-7BF418322DCB}.DebugDLL|x86.Build.0 = Release|x64
		{BB00605C-125F-4A21-B33B-7BF418322DCB}.DebugLIB|x64.ActiveCfg = Debug|x64
		{BB00605C-125F-4A21-B33B-7BF418322DCB}.DebugLIB|x64.Build.0 = Debug|x64
		{BB00605C-125F-4A21-B33B-7BF418322DCB}.DebugLIB|x86.ActiveCfg = Release|x64
		{BB00605C-125F-4A21-B33B-7BF418322DCB}.DebugLIB|x86.Build.0 = Release|x64
		{BB00605C-125F-4A21-B33B-7BF418322DCB}.DebugLTCG|x64.ActiveCfg = Debug|x64
		{BB00605C-125F-4A21-B33B-7BF418322DCB}.DebugLTCG|x64.Build.0 = Debug|x64
		{BB00605C-125F-4A21-B33B-7BF418322DCB}.DebugLTCG|x86.ActiveCfg = Release|x64
		{BB00605C-125F-4A21-B33B-7BF418322DCB}.DebugLTCG|x86.Build.0 = Release|x64
		{BB00605C-125F-4A21-B33B-7BF418322DCB}.Release|x64.ActiveCfg = Release|x64
		{BB00605C-125F-4A21-B33B-7BF418322DCB}.Release|x64.Build.0 = Release|x64
		{BB00605C-125F-4A21-B33B-7BF418322DCB}.Release|x86.ActiveCfg = Release|x64
		{BB00605C-125F-4A21-B33B-7BF418322DCB}.ReleaseDLL|x64.ActiveCfg = Release|x64
		{BB00605C-125F-4A21-B33B-7BF418322DCB}.ReleaseDLL|x64.Build.0 = Release|x64
		{BB00605C-125F-4A21-B33B-7BF418322DCB}.ReleaseDLL|x86.ActiveCfg = Release|x64
		{BB00605C-125F-4A21-B33B-7BF418322DCB}.ReleaseDLL|x86.Build.0 = Release|x64
		{BB00605C-125F-4A21-B33B-7BF418322DCB}.ReleaseLIB|x64.ActiveCfg = Release|x64
		{BB00605C-125F-4A21-B33B-7BF418322DCB}.ReleaseLIB|x64.Build.0 = Release|x64
		{BB00605C-125F-4A21-B33B-7BF418322DCB}.ReleaseLIB|x86.ActiveCfg = Release|x64
		{BB00605C-125F-4A21-B33B-7BF418322DCB}.ReleaseLIB|x86.Build.0 = Release|x64
		{BB00605C-125F-4A21-B33B-7BF418322DCB}.ReleaseLTCG|x64.ActiveCfg = Release|x64
		{BB00605C-125F-4A21-B33B-7BF418322DCB}.ReleaseLTCG|x64.Build.0 = Release|x64
		{BB00605C-125F-4A21-B33B-7BF418322DCB}.ReleaseLTCG|x86.ActiveCfg = Release|x64
		{BB00605C-125F-4A21-B33B-7BF418322DCB}.ReleaseLTCG|x86.Build.0 = Release|x64
		{570215B7-E32F-4438-95AE-C8D955F9FCA3}.Debug|x64.ActiveCfg = Debug|x64
		{570215B7-E32F-4438-95AE-C8D955F9FCA3}.Debug|x64.Build.0 = Debug|x64
		{570215B7-E32F-4438-95AE-C8D955F9FCA3}.Debug|x86.ActiveCfg = Debug|x64
		{570215B7-E32F-4438-95AE-C8D955F9FCA3}.DebugDLL|x64.ActiveCfg = Debug|x64
		{570215B7-E32F-4438-95AE-C8D955F9FCA3}.DebugDLL|x64.Build.0 = Debug|x64
		{570215B7-E32F-4438-95AE-C8D955F9FCA3}.DebugDLL|x86.ActiveCfg = Release|x64
		{570215B7-E32F-4438-95AE-C8D955F9FCA3}.DebugDLL|x86.Build.0 = Release|x64
		{570215B7-E32F-4438-95AE-C8D955F9FCA3}.DebugLIB|x64.ActiveCfg = Debug|x64
		{570215B7-E32F-4438-95AE-C8D955F9FCA3}.DebugLIB|x64.Build.0 = Debug|x64
		{570215B7-E32F-4438-95AE-C8D955F9FCA3}.DebugLIB|x86.ActiveCfg = Release|x64
		{570215B7-E32F-4438-95AE-C8D955F9FCA3}.DebugLIB|x86.Build.0 = Release|x64
		{570215B7-E32F-4438-95AE-C8D955F9FCA3}.DebugLTCG|x64.ActiveCfg = Debug|x64
		{570215B7-E32F-4438-95AE-C8D955F9FCA3}.DebugLTCG|x64.Build.0 = Debug|x64
		{570215B7-E32F-4438-95AE-C8D955F9FCA3}.DebugLTCG|x86.ActiveCfg = Release|x64
		{570215B7-E32F-4438-95AE-C8D955F9FCA3}.DebugLTCG|x86.Build.0 = Release|x64
		{570215B7-E32F-4438-95AE-C8D955F9FCA3}.Release|x64.ActiveCfg = Release|x64
		{570215B7-E32F-4438-95AE-C8D955F9FCA3}.Release|x64.Build.0 = Release|x64
		{570215B7-E32F-4438-95AE-C8D955F9FCA3}.Release|x86.ActiveCfg = Release|x64
		{570215B7-E32F-4438-95AE-C8D955F9FCA3}.ReleaseDLL|x64.ActiveCfg = Release|x64
		{570215B7-E32F-4438-95AE-C8D955F9FCA3}.ReleaseDLL|x64.Build.0 = Release|x64
		{570215B7-E32F-4438-95AE-C8D955F9FCA3}.ReleaseDLL|x86.ActiveCfg = Release|x64
		{570215B7-E32F-4438-95AE-C8D955F9FCA3}.ReleaseDLL|x86.Build.0 = Release|x64
		{570215B7-E32F-4438-95AE-C8D955F9FCA3}.ReleaseLIB|x64.ActiveCfg = Release|x64
		{570215B7-E32F-4438-95AE-C8D955F9FCA3}.ReleaseLIB|x64.Build.0 = Release|x64
		{570215B7-E32F-4438-95AE-C8D955F9FCA3}.ReleaseLIB|x86.ActiveCfg = Release|x64
		{570215B7-E32F-4438-95AE-C8D955F9FCA3}.ReleaseLIB|x86.Build.0 = Release|x64
		{570215B7-E32F-4438-95AE-C8D955F9FCA3}.ReleaseLTCG|x64.ActiveCfg = Release|x64
		{570215B7-E32F-4438-95AE-C8D955F9FCA3}.ReleaseLTCG|x64.Build.0 = Release|x64
		{570215B7-E32F-4438-95AE-C8D955F9FCA3}.ReleaseLTCG|x86.ActiveCfg = Release|x64
		{570215B7-E32F-4438-95AE-C8D955F9FCA3}.ReleaseLTCG|x86.Build.0 = Release|x64
		{FA3FA62B-6F58-4B86-9453-4D149940A066}.Debug|x64.ActiveCfg = Debug|x64
		{FA3FA62B-6F58-4B86-9453-4D149940A066}.Debug|x64.Build.0 = Debug|x64
		{FA3FA62B-6F58-4B86-9453-4D149940A066}.Debug|x86.ActiveCfg = Debug|x64
		{FA3FA62B-6F58-4B86-9453-4D149940A066}.DebugDLL|x64.ActiveCfg = Debug|x64
		{FA3FA62B-6F58-4B86-9453-4D149940A066}.DebugDLL|x64.Build.0 = Debug|x64
		{FA3FA62B-6F58-4B86-9453-4D149940A066}.DebugDLL|x86.ActiveCfg = Release|x64
		{FA3FA62B-6F58-4B86-9453-4D149940A066}.DebugDLL|x86.Build.0 = Release|x64
		{FA3FA62B-6F58-4B86-9453-4D149940A066}.DebugLIB|x64.ActiveCfg = Debug|x64
		{FA3FA62B-6F58-4B86-9453-4D149940A066}.DebugLIB|x64.Build.0 = Debug|x64
		{FA3FA62B-6F58-4B86-9453-4D149940A066}.DebugLIB|x86.ActiveCfg = Release|x64
		{FA3FA62B-6F58-4B86-9453-4D149940A066}.DebugLIB|x86.Build.0 = Release|x64
		{FA3FA62B-6F58-4B86-9453-4D149940A066}.DebugLTCG|x64.ActiveCfg = Debug|x64
		{FA3FA62B-6F58-4B86-9453-4D149940A066}.DebugLTCG|x64.Build.0 = Debug|x64
		{FA3FA62B-6F58-4B86-9453-4D149940A066}.DebugLTCG|x86.ActiveCfg = Release|x64
		{FA3FA62B-6F58-4B86-9453-4D149940A066}.DebugLTCG|x86.Build.0 = Release|x64
		{FA3FA62B-6F58-4B86-9453-4D149940A066}.Release|x64.ActiveCfg = Release|x64
		{FA3FA62B-6F58-4B86-9453-4D149940A066}.Release|x64.Build.0 = Release|x64
		{FA3FA62B-6F58-4B86-9453-4D149940A066}.Release|x86.ActiveCfg = Release|x64
		{FA3FA62B-6F58-4B86-9453-4D149940A066}.ReleaseDLL|x64.ActiveCfg = Release|x64
		{FA3FA62B-6F58-4B86-9453-4D149940A066}.ReleaseDLL|x64.Build.0 = Release|x64
		{FA3FA62B-6F58-4B86-9453-4D149940A066}.ReleaseDLL|x86.ActiveCfg = Release|x64
		{FA3FA62B-6F58-4B86-9453-4D149940A066}.ReleaseDLL|x86.Build.0 = Release|x64
		{FA3FA62B-6F58-4B86-9453-4D149940A066}.ReleaseLIB|x64.ActiveCfg = Release|x64
		{FA3FA62B-6F58-4B86-9453-4D149940A066}.ReleaseLIB|x64.Build.0 = Release|x64
		{FA3FA62B-6F58-4B86-9453-4D149940A066}.ReleaseLIB|x86.ActiveCfg = Release|x64
		{FA3FA62B-6F58-4B86-9453-4D149940A066}.ReleaseLIB|x86.Build.0 = Release|x64
		{FA3FA62B-6F58-4B86-9453-4D149940A066}.ReleaseLTCG|x64.ActiveCfg = Release|x64
		{FA3FA62B-6F58-4B86-9453-4D149940A066}.ReleaseLTCG|x64.Build.0 = Release|x64
		{FA3FA62B-6F58-4B86-9453-4D149940A066}.ReleaseLTCG|x86.ActiveCfg = Release|x64
		{FA3FA62B-6F58-4B86-9453-4D149940A066}.ReleaseLTCG|x86.Build.0 = Release|x64
		{D178061B-84D3-44F9-BEED-EFD18D9033F0}.Debug|x64.ActiveCfg = Debug|x64
		{D178061B-84D3-44F9-BEED-EFD18D9033F0}.Debug|x64.Build.0 = Debug|x64
		{D178061B-84D3-44F9-BEED-EFD18D9033F0}.Debug|x86.ActiveCfg = Debug|x64
		{D178061B-84D3-44F9-BEED-EFD18D9033F0}.DebugDLL|x64.ActiveCfg = Debug|x64
		{D178061B-84D3-44F9-BEED-EFD18D9033F0}.DebugDLL|x64.Build.0 = Debug|x64
		{D178061B-84D3-44F9-BEED-EFD18D9033F0}.DebugDLL|x86.ActiveCfg = Release|x64
		{D178061B-84D3-44F9-BEED-EFD18D9033F0}.DebugDLL|x86.Build.0 = Release|x64
		{D178061B-84D3-44F9-BEED-EFD18D9033F0}.DebugLIB|x64.ActiveCfg = Debug|x64
		{D178061B-84D3-44F9-BEED-EFD18D9033F0}.DebugLIB|x64.Build.0 = Debug|x64
		{D178061B-84D3-44F9-BEED-EFD18D9033F0}.DebugLIB|x86.ActiveCfg = Release|x64
		{D178061B-84D3-44F9-BEED-EFD18D9033F0}.DebugLIB|x86.Build.0 = Release|x64
		{D178061B-84D3-44F9-BEED-EFD18D9033F0}.DebugLTCG|x64.ActiveCfg = Debug|x64
		{D178061B-84D3-44F9-BEED-EFD18D9033F0}.DebugLTCG|x64.Build.0 = Debug|x64
		{D178061B-84D3-44F9-BEED-EFD18D9033F0}.DebugLTCG|x86.ActiveCfg = Release|x64
		{D178061B-84D3-44F9-BEED-EFD18D9033F0}.DebugLTCG|x86.Build.0 = Release|x64
		{D178061B-84D3-44F9-BEED-EFD18D9033F0}.Release|x64.ActiveCfg = Release|x64
		{D178061B-84D3-44F9-BEED-EFD18D9033F0}.Release|x64.Build.0 = Release|x64
		{D178061B-84D3-44F9-BEED-EFD18D9033F0}.Release|x86.ActiveCfg = Release|x64
		{D178061B-84D3-44F9-BEED-EFD18D9033F0}.ReleaseDLL|x64.ActiveCfg = Release|x64
		{D178061B-84D3-44F9-BEED-EFD18D9033F0}.ReleaseDLL|x64.Build.0 = Release|x64
		{D178061B-84D3-44F9-BEED-EFD18D9033F0}.ReleaseDLL|x86.ActiveCfg = Release|x64
		{D178061B-84D3-44F9-BEED-EFD18D9033F0}.ReleaseDLL|x86.Build.0 = Release|x64
		{D178061B-84D3-44F9-BEED-EFD18D9033F0}.ReleaseLIB|x64.ActiveCfg = Release|x64
		{D178061B-84D3-44F9-BEED-EFD18D9033F0}.ReleaseLIB|x64.Build.0 = Release|x64
		{D178061B-84D3-44F9-BEED-EFD18D9033F0}.ReleaseLIB|x86.ActiveCfg = Release|x64
		{D178061B-84D3-44F9-BEED-EFD18D9033F0}.ReleaseLIB|x86.Build.0 = Release|x64
		{D178061B-84D3-44F9-BEED-EFD18D9033F0}.ReleaseLTCG|x64.ActiveCfg = Release|x64
		{D178061B-84D3-44F9-BEED-EFD18D9033F0}.ReleaseLTCG|x64.Build.0 = Release|x64
		{D178061B-84D3-44F9-BEED-EFD18D9033F0}.ReleaseLTCG|x86.ActiveCfg = Release|x64
		{D178061B-84D3-44F9-BEED-EFD18D9033F0}.ReleaseLTCG|x86.Build.0 = Release|x64
		{641C5F36-32EE-4323-B740-992B651CF9D6}.Debug|x64.ActiveCfg = DebugDLL|x64
		{641C5F36-32EE-4323-B740-992B651CF9D6}.Debug|x64.Build.0 = DebugDLL|x64
		{641C5F36-32EE-4323-B740-992B651CF9D6}.Debug|x86.ActiveCfg = DebugDLL|Win32
		{641C5F36-32EE-4323-B740-992B651CF9D6}.Debug|x86.Build.0 = DebugDLL|Win32
		{641C5F36-32EE-4323-B740-992B651CF9D6}.DebugDLL|x64.ActiveCfg = DebugDLL|x64
		{641C5F36-32EE-4323-B740-992B651CF9D6}.DebugDLL|x64.Build.0 = DebugDLL|x64
		{641C5F36-32EE-4323-B740-992B651CF9D6}.DebugDLL|x86.ActiveCfg = DebugDLL|Win32
		{641C5F36-32EE-4323-B740-992B651CF9D6}.DebugDLL|x86.Build.0 = DebugDLL|Win32
		{641C5F36-32EE-4323-B740-992B651CF9D6}.DebugLIB|x64.ActiveCfg = DebugLIB|x64
		{641C5F36-32EE-4323-B740-992B651CF9D6}.DebugLIB|x64.Build.0 = DebugLIB|x64
		{641C5F36-32EE-4323-B740-992B651CF9D6}.DebugLIB|x86.ActiveCfg = DebugLIB|Win32
		{641C5F36-32EE-4323-B740-992B651CF9D6}.DebugLIB|x86.Build.0 = DebugLIB|Win32
		{641C5F36-32EE-4323-B740-992B651CF9D6}.DebugLTCG|x64.ActiveCfg = DebugLTCG|x64
		{641C5F36-32EE-4323-B740-992B651CF9D6}.DebugLTCG|x64.Build.0 = DebugLTCG|x64
		{641C5F36-32EE-4323-B740-992B651CF9D6}.DebugLTCG|x86.ActiveCfg = DebugLTCG|Win32
		{641C5F36-32EE-4323-B740-992B651CF9D6}.DebugLTCG|x86.Build.0 = DebugLTCG|Win32
		{641C5F36-32EE-4323-B740-992B651CF9D6}.Release|x64.ActiveCfg = ReleaseDLL|x64
		{641C5F36-32EE-4323-B740-992B651CF9D6}.Release|x64.Build.0 = ReleaseDLL|x64
		{641C5F36-32EE-4323-B740-992B651CF9D6}.Release|x86.ActiveCfg = ReleaseLIB|Win32
		{641C5F36-32EE-4323-B740-992B651CF9D6}.Release|x86.Build.0 = ReleaseLIB|Win32
		{641C5F36-32EE-4323-B740-992B651CF9D6}.ReleaseDLL|x64.ActiveCfg = ReleaseDLL|x64
		{641C5F36-32EE-4323-B740-992B651CF9D6}.ReleaseDLL|x64.Build.0 = ReleaseDLL|x64
		{641C5F36-32EE-4323-B740-992B651CF9D6}.ReleaseDLL|x86.ActiveCfg = ReleaseDLL|Win32
		{641C5F36-32EE-4323-B740-992B651CF9D6}.ReleaseDLL|x86.Build.0 = ReleaseDLL|Win32
		{641C5F36-32EE-4323-B740-992B651CF9D6}.ReleaseLIB|x64.ActiveCfg = ReleaseLIB|x64
		{641C5F36-32EE-4323-B740-992B651CF9D6}.ReleaseLIB|x64.Build.0 = ReleaseLIB|x64
		{641C5F36-32EE-4323-B740-992B651CF9D6}.ReleaseLIB|x86.ActiveCfg = ReleaseLIB|Win32
		{641C5F36-32EE-4323-B740-992B651CF9D6}.ReleaseLIB|x86.Build.0 = ReleaseLIB|Win32
		{641C5F36-32EE-4323-B740-992B651CF9D6}.ReleaseLTCG|x64.ActiveCfg = ReleaseLTCG|x64
		{641C5F36-32EE-4323-B740-992B651CF9D6}.ReleaseLTCG|x64.Build.0 = ReleaseLTCG|x64
		{641C5F36-32EE-4323-B740-992B651CF9D6}.ReleaseLTCG|x86.ActiveCfg = ReleaseLTCG|Win32
		{641C5F36-32EE-4323-B740-992B651CF9D6}.ReleaseLTCG|x86.Build.0 = ReleaseLTCG|Win32
	EndGlobalSection
	GlobalSection(SolutionProperties) = preSolution
		HideSolutionNode = FALSE
	EndGlobalSection
	GlobalSection(NestedProjects) = preSolution
		{E54CF649-140E-4255-81A5-30A673C1FB36} = {15670B2E-CED6-4ED5-94CE-A00B1B2B5BA6}
		{54AA7840-5BEB-4A0C-9452-74BA4CC7FD44} = {15670B2E-CED6-4ED5-94CE-A00B1B2B5BA6}
		{2E6C348C-C75C-4D94-8D1E-9C1FCBF3EFE4} = {15670B2E-CED6-4ED5-94CE-A00B1B2B5BA6}
		{160BDC25-5626-4B0D-BDD8-2953D9777FB5} = {15670B2E-CED6-4ED5-94CE-A00B1B2B5BA6}
		{6BBD47CF-91FD-4077-B676-8B76980178A9} = {15670B2E-CED6-4ED5-94CE-A00B1B2B5BA6}
		{604C8368-F34A-4D55-82C8-CC92A0C13254} = {15670B2E-CED6-4ED5-94CE-A00B1B2B5BA6}
		{3DE9EE35-3E91-4F27-A014-2866AD8C3FE3} = {15670B2E-CED6-4ED5-94CE-A00B1B2B5BA6}
		{8ADA04D7-6DB1-4DA4-AB55-64FB12A0997B} = {87ADDFF9-5768-4DA2-A33B-2477593D6677}
		{AB993F38-C31D-4897-B139-A620C42BC565} = {87ADDFF9-5768-4DA2-A33B-2477593D6677}
		{31643FDB-1BB8-4965-9DE7-000FC88D35AE} = {87ADDFF9-5768-4DA2-A33B-2477593D6677}
		{4C9F135B-A85E-430C-BAD4-4C67EF5FC12C} = {87ADDFF9-5768-4DA2-A33B-2477593D6677}
		{B441CC62-877E-4B3F-93E0-0DE80544F705} = {87ADDFF9-5768-4DA2-A33B-2477593D6677}
		{677EA016-1182-440C-9345-DC88D1E98C0C} = {87ADDFF9-5768-4DA2-A33B-2477593D6677}
		{FF213B23-2C26-4214-9F88-85271E557E87} = {87ADDFF9-5768-4DA2-A33B-2477593D6677}
		{EC082900-B4D8-42E9-9663-77F02F6936AE} = {87ADDFF9-5768-4DA2-A33B-2477593D6677}
		{1C8436C9-DBAF-42BE-83BC-CF3EC9175ABE} = {87ADDFF9-5768-4DA2-A33B-2477593D6677}
		{BDB6578B-0691-4E80-A46C-DF21639FD3B8} = {87ADDFF9-5768-4DA2-A33B-2477593D6677}
		{93D73454-2512-424E-9CDA-4BB357FE13DD} = {87ADDFF9-5768-4DA2-A33B-2477593D6677}
		{349EE8F9-7D25-4909-AAF5-FF3FADE72187} = {87ADDFF9-5768-4DA2-A33B-2477593D6677}
		{0A18A071-125E-442F-AFF7-A3F68ABECF99} = {87ADDFF9-5768-4DA2-A33B-2477593D6677}
		{96020103-4BA5-4FD2-B4AA-5B6D24492D4E} = {AAD1BCD6-9804-44A5-A5FC-4782EA00E9D4}
		{EC1A314C-5588-4506-9C1E-2E58E5817F75} = {AAD1BCD6-9804-44A5-A5FC-4782EA00E9D4}
		{A4C423AA-F57C-46C7-A172-D1A777017D29} = {AAD1BCD6-9804-44A5-A5FC-4782EA00E9D4}
		{53A5391B-737E-49A8-BC8F-312ADA00736F} = {AAD1BCD6-9804-44A5-A5FC-4782EA00E9D4}
		{29F29A19-F141-45AD-9679-5A2923B49DA3} = {AAD1BCD6-9804-44A5-A5FC-4782EA00E9D4}
		{AAD1BCD6-9804-44A5-A5FC-4782EA00E9D4} = {15670B2E-CED6-4ED5-94CE-A00B1B2B5BA6}
		{76563A7F-1011-4EAD-B667-7BB18D09568E} = {15670B2E-CED6-4ED5-94CE-A00B1B2B5BA6}
		{CBC76802-C128-4B17-BF6C-23B08C313E5E} = {87ADDFF9-5768-4DA2-A33B-2477593D6677}
		{BB00605C-125F-4A21-B33B-7BF418322DCB} = {87ADDFF9-5768-4DA2-A33B-2477593D6677}
		{570215B7-E32F-4438-95AE-C8D955F9FCA3} = {AAD1BCD6-9804-44A5-A5FC-4782EA00E9D4}
		{D178061B-84D3-44F9-BEED-EFD18D9033F0} = {87ADDFF9-5768-4DA2-A33B-2477593D6677}
		{641C5F36-32EE-4323-B740-992B651CF9D6} = {87ADDFF9-5768-4DA2-A33B-2477593D6677}
	EndGlobalSection
EndGlobal
